// !$*UTF8*$!
{
	archiveVersion = 1;
	classes = {
	};
	objectVersion = 50;
	objects = {

/* Begin PBXBuildFile section */
		BFBA6B8D272539B200EC99D6 /* AppDelegate.swift in Sources */ = {isa = PBXBuildFile; fileRef = BFBA6B8C272539B200EC99D6 /* AppDelegate.swift */; };
		BFBA6B8F272539B200EC99D6 /* SceneDelegate.swift in Sources */ = {isa = PBXBuildFile; fileRef = BFBA6B8E272539B200EC99D6 /* SceneDelegate.swift */; };
		BFBA6B91272539B200EC99D6 /* ConversionViewController.swift in Sources */ = {isa = PBXBuildFile; fileRef = BFBA6B90272539B200EC99D6 /* ConversionViewController.swift */; };
		BFBA6B94272539B200EC99D6 /* Main.storyboard in Resources */ = {isa = PBXBuildFile; fileRef = BFBA6B92272539B200EC99D6 /* Main.storyboard */; };
		BFBA6B96272539B300EC99D6 /* Assets.xcassets in Resources */ = {isa = PBXBuildFile; fileRef = BFBA6B95272539B300EC99D6 /* Assets.xcassets */; };
		BFBA6B99272539B300EC99D6 /* LaunchScreen.storyboard in Resources */ = {isa = PBXBuildFile; fileRef = BFBA6B97272539B300EC99D6 /* LaunchScreen.storyboard */; };
		BFCAC94E27283EE5000EABFF /* MapViewController.swift in Sources */ = {isa = PBXBuildFile; fileRef = BFCAC94D27283EE5000EABFF /* MapViewController.swift */; };
/* End PBXBuildFile section */

/* Begin PBXFileReference section */
		BFBA6B89272539B200EC99D6 /* WorldTrotter-arwa_balawi-iter1.app */ = {isa = PBXFileReference; explicitFileType = wrapper.application; includeInIndex = 0; path = "WorldTrotter-arwa_balawi-iter1.app"; sourceTree = BUILT_PRODUCTS_DIR; };
		BFBA6B8C272539B200EC99D6 /* AppDelegate.swift */ = {isa = PBXFileReference; lastKnownFileType = sourcecode.swift; path = AppDelegate.swift; sourceTree = "<group>"; };
		BFBA6B8E272539B200EC99D6 /* SceneDelegate.swift */ = {isa = PBXFileReference; lastKnownFileType = sourcecode.swift; path = SceneDelegate.swift; sourceTree = "<group>"; };
		BFBA6B90272539B200EC99D6 /* ConversionViewController.swift */ = {isa = PBXFileReference; lastKnownFileType = sourcecode.swift; path = ConversionViewController.swift; sourceTree = "<group>"; };
		BFBA6B93272539B200EC99D6 /* Base */ = {isa = PBXFileReference; lastKnownFileType = file.storyboard; name = Base; path = Base.lproj/Main.storyboard; sourceTree = "<group>"; };
		BFBA6B95272539B300EC99D6 /* Assets.xcassets */ = {isa = PBXFileReference; lastKnownFileType = folder.assetcatalog; path = Assets.xcassets; sourceTree = "<group>"; };
		BFBA6B98272539B300EC99D6 /* Base */ = {isa = PBXFileReference; lastKnownFileType = file.storyboard; name = Base; path = Base.lproj/LaunchScreen.storyboard; sourceTree = "<group>"; };
		BFBA6B9A272539B300EC99D6 /* Info.plist */ = {isa = PBXFileReference; lastKnownFileType = text.plist.xml; path = Info.plist; sourceTree = "<group>"; };
		BFCAC94D27283EE5000EABFF /* MapViewController.swift */ = {isa = PBXFileReference; lastKnownFileType = sourcecode.swift; path = MapViewController.swift; sourceTree = "<group>"; };
/* End PBXFileReference section */

/* Begin PBXFrameworksBuildPhase section */
		BFBA6B86272539B200EC99D6 /* Frameworks */ = {
			isa = PBXFrameworksBuildPhase;
			buildActionMask = 2147483647;
			files = (
			);
			runOnlyForDeploymentPostprocessing = 0;
		};
/* End PBXFrameworksBuildPhase section */

/* Begin PBXGroup section */
		BFBA6B80272539B200EC99D6 = {
			isa = PBXGroup;
			children = (
				BFBA6B8B272539B200EC99D6 /* WorldTrotter-arwa_balawi-iter1 */,
				BFBA6B8A272539B200EC99D6 /* Products */,
			);
			sourceTree = "<group>";
		};
		BFBA6B8A272539B200EC99D6 /* Products */ = {
			isa = PBXGroup;
			children = (
				BFBA6B89272539B200EC99D6 /* WorldTrotter-arwa_balawi-iter1.app */,
			);
			name = Products;
			sourceTree = "<group>";
		};
		BFBA6B8B272539B200EC99D6 /* WorldTrotter-arwa_balawi-iter1 */ = {
			isa = PBXGroup;
			children = (
				BFBA6B8C272539B200EC99D6 /* AppDelegate.swift */,
				BFBA6B8E272539B200EC99D6 /* SceneDelegate.swift */,
				BFBA6B90272539B200EC99D6 /* ConversionViewController.swift */,
				BFBA6B92272539B200EC99D6 /* Main.storyboard */,
				BFBA6B95272539B300EC99D6 /* Assets.xcassets */,
				BFBA6B97272539B300EC99D6 /* LaunchScreen.storyboard */,
				BFBA6B9A272539B300EC99D6 /* Info.plist */,
				BFCAC94D27283EE5000EABFF /* MapViewController.swift */,
			);
			path = "WorldTrotter-arwa_balawi-iter1";
			sourceTree = "<group>";
		};
/* End PBXGroup section */

/* Begin PBXNativeTarget section */
		BFBA6B88272539B200EC99D6 /* WorldTrotter-arwa_balawi-iter1 */ = {
			isa = PBXNativeTarget;
			buildConfigurationList = BFBA6B9D272539B300EC99D6 /* Build configuration list for PBXNativeTarget "WorldTrotter-arwa_balawi-iter1" */;
			buildPhases = (
				BFBA6B85272539B200EC99D6 /* Sources */,
				BFBA6B86272539B200EC99D6 /* Frameworks */,
				BFBA6B87272539B200EC99D6 /* Resources */,
			);
			buildRules = (
			);
			dependencies = (
			);
			name = "WorldTrotter-arwa_balawi-iter1";
			productName = "WorldTrotter-arwa_balawi-iter1";
			productReference = BFBA6B89272539B200EC99D6 /* WorldTrotter-arwa_balawi-iter1.app */;
			productType = "com.apple.product-type.application";
		};
/* End PBXNativeTarget section */

/* Begin PBXProject section */
		BFBA6B81272539B200EC99D6 /* Project object */ = {
			isa = PBXProject;
			attributes = {
				LastSwiftUpdateCheck = 1250;
				LastUpgradeCheck = 1250;
				TargetAttributes = {
					BFBA6B88272539B200EC99D6 = {
						CreatedOnToolsVersion = 12.5;
					};
				};
			};
			buildConfigurationList = BFBA6B84272539B200EC99D6 /* Build configuration list for PBXProject "WorldTrotter-arwa_balawi-iter1" */;
			compatibilityVersion = "Xcode 9.3";
			developmentRegion = en;
			hasScannedForEncodings = 0;
			knownRegions = (
				en,
				Base,
			);
			mainGroup = BFBA6B80272539B200EC99D6;
			productRefGroup = BFBA6B8A272539B200EC99D6 /* Products */;
			projectDirPath = "";
			projectRoot = "";
			targets = (
				BFBA6B88272539B200EC99D6 /* WorldTrotter-arwa_balawi-iter1 */,
			);
		};
/* End PBXProject section */

/* Begin PBXResourcesBuildPhase section */
		BFBA6B87272539B200EC99D6 /* Resources */ = {
			isa = PBXResourcesBuildPhase;
			buildActionMask = 2147483647;
			files = (
				BFBA6B99272539B300EC99D6 /* LaunchScreen.storyboard in Resources */,
				BFBA6B96272539B300EC99D6 /* Assets.xcassets in Resources */,
				BFBA6B94272539B200EC99D6 /* Main.storyboard in Resources */,
			);
			runOnlyForDeploymentPostprocessing = 0;
		};
/* End PBXResourcesBuildPhase section */

/* Begin PBXSourcesBuildPhase section */
		BFBA6B85272539B200EC99D6 /* Sources */ = {
			isa = PBXSourcesBuildPhase;
			buildActionMask = 2147483647;
			files = (
				BFBA6B91272539B200EC99D6 /* ConversionViewController.swift in Sources */,
				BFBA6B8D272539B200EC99D6 /* AppDelegate.swift in Sources */,
				BFBA6B8F272539B200EC99D6 /* SceneDelegate.swift in Sources */,
				BFCAC94E27283EE5000EABFF /* MapViewController.swift in Sources */,
			);
			runOnlyForDeploymentPostprocessing = 0;
		};
/* End PBXSourcesBuildPhase section */

/* Begin PBXVariantGroup section */
		BFBA6B92272539B200EC99D6 /* Main.storyboard */ = {
			isa = PBXVariantGroup;
			children = (
				BFBA6B93272539B200EC99D6 /* Base */,
			);
			name = Main.storyboard;
			sourceTree = "<group>";
		};
		BFBA6B97272539B300EC99D6 /* LaunchScreen.storyboard */ = {
			isa = PBXVariantGroup;
			children = (
				BFBA6B98272539B300EC99D6 /* Base */,
			);
			name = LaunchScreen.storyboard;
			sourceTree = "<group>";
		};
/* End PBXVariantGroup section */

/* Begin XCBuildConfiguration section */
		BFBA6B9B272539B300EC99D6 /* Debug */ = {
			isa = XCBuildConfiguration;
			buildSettings = {
				ALWAYS_SEARCH_USER_PATHS = NO;
				CLANG_ANALYZER_NONNULL = YES;
				CLANG_ANALYZER_NUMBER_OBJECT_CONVERSION = YES_AGGRESSIVE;
				CLANG_CXX_LANGUAGE_STANDARD = "gnu++14";
				CLANG_CXX_LIBRARY = "libc++";
				CLANG_ENABLE_MODULES = YES;
				CLANG_ENABLE_OBJC_ARC = YES;
				CLANG_ENABLE_OBJC_WEAK = YES;
				CLANG_WARN_BLOCK_CAPTURE_AUTORELEASING = YES;
				CLANG_WARN_BOOL_CONVERSION = YES;
				CLANG_WARN_COMMA = YES;
				CLANG_WARN_CONSTANT_CONVERSION = YES;
				CLANG_WARN_DEPRECATED_OBJC_IMPLEMENTATIONS = YES;
				CLANG_WARN_DIRECT_OBJC_ISA_USAGE = YES_ERROR;
				CLANG_WARN_DOCUMENTATION_COMMENTS = YES;
				CLANG_WARN_EMPTY_BODY = YES;
				CLANG_WARN_ENUM_CONVERSION = YES;
				CLANG_WARN_INFINITE_RECURSION = YES;
				CLANG_WARN_INT_CONVERSION = YES;
				CLANG_WARN_NON_LITERAL_NULL_CONVERSION = YES;
				CLANG_WARN_OBJC_IMPLICIT_RETAIN_SELF = YES;
				CLANG_WARN_OBJC_LITERAL_CONVERSION = YES;
				CLANG_WARN_OBJC_ROOT_CLASS = YES_ERROR;
				CLANG_WARN_QUOTED_INCLUDE_IN_FRAMEWORK_HEADER = YES;
				CLANG_WARN_RANGE_LOOP_ANALYSIS = YES;
				CLANG_WARN_STRICT_PROTOTYPES = YES;
				CLANG_WARN_SUSPICIOUS_MOVE = YES;
				CLANG_WARN_UNGUARDED_AVAILABILITY = YES_AGGRESSIVE;
				CLANG_WARN_UNREACHABLE_CODE = YES;
				CLANG_WARN__DUPLICATE_METHOD_MATCH = YES;
				COPY_PHASE_STRIP = NO;
				DEBUG_INFORMATION_FORMAT = dwarf;
				ENABLE_STRICT_OBJC_MSGSEND = YES;
				ENABLE_TESTABILITY = YES;
				GCC_C_LANGUAGE_STANDARD = gnu11;
				GCC_DYNAMIC_NO_PIC = NO;
				GCC_NO_COMMON_BLOCKS = YES;
				GCC_OPTIMIZATION_LEVEL = 0;
				GCC_PREPROCESSOR_DEFINITIONS = (
					"DEBUG=1",
					"$(inherited)",
				);
				GCC_WARN_64_TO_32_BIT_CONVERSION = YES;
				GCC_WARN_ABOUT_RETURN_TYPE = YES_ERROR;
				GCC_WARN_UNDECLARED_SELECTOR = YES;
				GCC_WARN_UNINITIALIZED_AUTOS = YES_AGGRESSIVE;
				GCC_WARN_UNUSED_FUNCTION = YES;
				GCC_WARN_UNUSED_VARIABLE = YES;
				IPHONEOS_DEPLOYMENT_TARGET = 14.5;
				MTL_ENABLE_DEBUG_INFO = INCLUDE_SOURCE;
				MTL_FAST_MATH = YES;
				ONLY_ACTIVE_ARCH = YES;
				SDKROOT = iphoneos;
				SWIFT_ACTIVE_COMPILATION_CONDITIONS = DEBUG;
				SWIFT_OPTIMIZATION_LEVEL = "-Onone";
			};
			name = Debug;
		};
		BFBA6B9C272539B300EC99D6 /* Release */ = {
			isa = XCBuildConfiguration;
			buildSettings = {
				ALWAYS_SEARCH_USER_PATHS = NO;
				CLANG_ANALYZER_NONNULL = YES;
				CLANG_ANALYZER_NUMBER_OBJECT_CONVERSION = YES_AGGRESSIVE;
				CLANG_CXX_LANGUAGE_STANDARD = "gnu++14";
				CLANG_CXX_LIBRARY = "libc++";
				CLANG_ENABLE_MODULES = YES;
				CLANG_ENABLE_OBJC_ARC = YES;
				CLANG_ENABLE_OBJC_WEAK = YES;
				CLANG_WARN_BLOCK_CAPTURE_AUTORELEASING = YES;
				CLANG_WARN_BOOL_CONVERSION = YES;
				CLANG_WARN_COMMA = YES;
				CLANG_WARN_CONSTANT_CONVERSION = YES;
				CLANG_WARN_DEPRECATED_OBJC_IMPLEMENTATIONS = YES;
				CLANG_WARN_DIRECT_OBJC_ISA_USAGE = YES_ERROR;
				CLANG_WARN_DOCUMENTATION_COMMENTS = YES;
				CLANG_WARN_EMPTY_BODY = YES;
				CLANG_WARN_ENUM_CONVERSION = YES;
				CLANG_WARN_INFINITE_RECURSION = YES;
				CLANG_WARN_INT_CONVERSION = YES;
				CLANG_WARN_NON_LITERAL_NULL_CONVERSION = YES;
				CLANG_WARN_OBJC_IMPLICIT_RETAIN_SELF = YES;
				CLANG_WARN_OBJC_LITERAL_CONVERSION = YES;
				CLANG_WARN_OBJC_ROOT_CLASS = YES_ERROR;
				CLANG_WARN_QUOTED_INCLUDE_IN_FRAMEWORK_HEADER = YES;
				CLANG_WARN_RANGE_LOOP_ANALYSIS = YES;
				CLANG_WARN_STRICT_PROTOTYPES = YES;
				CLANG_WARN_SUSPICIOUS_MOVE = YES;
				CLANG_WARN_UNGUARDED_AVAILABILITY = YES_AGGRESSIVE;
				CLANG_WARN_UNREACHABLE_CODE = YES;
				CLANG_WARN__DUPLICATE_METHOD_MATCH = YES;
				COPY_PHASE_STRIP = NO;
				DEBUG_INFORMATION_FORMAT = "dwarf-with-dsym";
				ENABLE_NS_ASSERTIONS = NO;
				ENABLE_STRICT_OBJC_MSGSEND = YES;
				GCC_C_LANGUAGE_STANDARD = gnu11;
				GCC_NO_COMMON_BLOCKS = YES;
				GCC_WARN_64_TO_32_BIT_CONVERSION = YES;
				GCC_WARN_ABOUT_RETURN_TYPE = YES_ERROR;
				GCC_WARN_UNDECLARED_SELECTOR = YES;
				GCC_WARN_UNINITIALIZED_AUTOS = YES_AGGRESSIVE;
				GCC_WARN_UNUSED_FUNCTION = YES;
				GCC_WARN_UNUSED_VARIABLE = YES;
				IPHONEOS_DEPLOYMENT_TARGET = 14.5;
				MTL_ENABLE_DEBUG_INFO = NO;
				MTL_FAST_MATH = YES;
				SDKROOT = iphoneos;
				SWIFT_COMPILATION_MODE = wholemodule;
				SWIFT_OPTIMIZATION_LEVEL = "-O";
				VALIDATE_PRODUCT = YES;
			};
			name = Release;
		};
		BFBA6B9E272539B300EC99D6 /* Debug */ = {
			isa = XCBuildConfiguration;
			buildSettings = {
				ASSETCATALOG_COMPILER_APPICON_NAME = AppIcon;
				ASSETCATALOG_COMPILER_GLOBAL_ACCENT_COLOR_NAME = AccentColor;
				CODE_SIGN_STYLE = Automatic;
				DEVELOPMENT_TEAM = 8CVXW7BRYZ;
				INFOPLIST_FILE = "WorldTrotter-arwa_balawi-iter1/Info.plist";
				LD_RUNPATH_SEARCH_PATHS = (
					"$(inherited)",
					"@executable_path/Frameworks",
				);
				PRODUCT_BUNDLE_IDENTIFIER = "Arwa.WorldTrotter-arwa-balawi-iter1";
				PRODUCT_NAME = "$(TARGET_NAME)";
				SWIFT_VERSION = 5.0;
				TARGETED_DEVICE_FAMILY = "1,2";
			};
			name = Debug;
		};
		BFBA6B9F272539B300EC99D6 /* Release */ = {
			isa = XCBuildConfiguration;
			buildSettings = {
				ASSETCATALOG_COMPILER_APPICON_NAME = AppIcon;
				ASSETCATALOG_COMPILER_GLOBAL_ACCENT_COLOR_NAME = AccentColor;
				CODE_SIGN_STYLE = Automatic;
				DEVELOPMENT_TEAM = 8CVXW7BRYZ;
				INFOPLIST_FILE = "WorldTrotter-arwa_balawi-iter1/Info.plist";
				LD_RUNPATH_SEARCH_PATHS = (
					"$(inherited)",
					"@executable_path/Frameworks",
				);
				PRODUCT_BUNDLE_IDENTIFIER = "Arwa.WorldTrotter-arwa-balawi-iter1";
				PRODUCT_NAME = "$(TARGET_NAME)";
				SWIFT_VERSION = 5.0;
				TARGETED_DEVICE_FAMILY = "1,2";
			};
			name = Release;
		};
/* End XCBuildConfiguration section */

/* Begin XCConfigurationList section */
		BFBA6B84272539B200EC99D6 /* Build configuration list for PBXProject "WorldTrotter-arwa_balawi-iter1" */ = {
			isa = XCConfigurationList;
			buildConfigurations = (
				BFBA6B9B272539B300EC99D6 /* Debug */,
				BFBA6B9C272539B300EC99D6 /* Release */,
			);
			defaultConfigurationIsVisible = 0;
			defaultConfigurationName = Release;
		};
		BFBA6B9D272539B300EC99D6 /* Build configuration list for PBXNativeTarget "WorldTrotter-arwa_balawi-iter1" */ = {
			isa = XCConfigurationList;
			buildConfigurations = (
				BFBA6B9E272539B300EC99D6 /* Debug */,
				BFBA6B9F272539B300EC99D6 /* Release */,
			);
			defaultConfigurationIsVisible = 0;
			defaultConfigurationName = Release;
		};
/* End XCConfigurationList section */
	};
	rootObject = BFBA6B81272539B200EC99D6 /* Project object */;
}
