// !$*UTF8*$!
{
	archiveVersion = 1;
	classes = {
	};
	objectVersion = 50;
	objects = {

/* Begin PBXBuildFile section */
		303E2BEE2728211000C332BC /* MapViewController.swift in Sources */ = {isa = PBXBuildFile; fileRef = 303E2BED2728211000C332BC /* MapViewController.swift */; };
		306CF8C52729092E003F8CCD /* File.swift in Sources */ = {isa = PBXBuildFile; fileRef = 306CF8C42729092E003F8CCD /* File.swift */; };
		306CF8C72729093A003F8CCD /* QuizManager.swift in Sources */ = {isa = PBXBuildFile; fileRef = 306CF8C62729093A003F8CCD /* QuizManager.swift */; };
		3089AEBA2727B8C500B9BF54 /* AppDelegate.swift in Sources */ = {isa = PBXBuildFile; fileRef = 3089AEB92727B8C500B9BF54 /* AppDelegate.swift */; };
		3089AEBC2727B8C500B9BF54 /* SceneDelegate.swift in Sources */ = {isa = PBXBuildFile; fileRef = 3089AEBB2727B8C500B9BF54 /* SceneDelegate.swift */; };
		3089AEBE2727B8C500B9BF54 /* ViewwController.swift in Sources */ = {isa = PBXBuildFile; fileRef = 3089AEBD2727B8C500B9BF54 /* ViewwController.swift */; };
		3089AEC12727B8C500B9BF54 /* Main.storyboard in Resources */ = {isa = PBXBuildFile; fileRef = 3089AEBF2727B8C500B9BF54 /* Main.storyboard */; };
		3089AEC32727B8C600B9BF54 /* Assets.xcassets in Resources */ = {isa = PBXBuildFile; fileRef = 3089AEC22727B8C600B9BF54 /* Assets.xcassets */; };
		3089AEC62727B8C600B9BF54 /* LaunchScreen.storyboard in Resources */ = {isa = PBXBuildFile; fileRef = 3089AEC42727B8C600B9BF54 /* LaunchScreen.storyboard */; };
/* End PBXBuildFile section */

/* Begin PBXFileReference section */
		303E2BED2728211000C332BC /* MapViewController.swift */ = {isa = PBXFileReference; lastKnownFileType = sourcecode.swift; path = MapViewController.swift; sourceTree = "<group>"; };
		306CF8C42729092E003F8CCD /* File.swift */ = {isa = PBXFileReference; fileEncoding = 4; lastKnownFileType = sourcecode.swift; path = File.swift; sourceTree = "<group>"; };
		306CF8C62729093A003F8CCD /* QuizManager.swift */ = {isa = PBXFileReference; fileEncoding = 4; lastKnownFileType = sourcecode.swift; path = QuizManager.swift; sourceTree = "<group>"; };
		3089AEB62727B8C500B9BF54 /* WorldTrotter-Atheer.silver-bronze.app */ = {isa = PBXFileReference; explicitFileType = wrapper.application; includeInIndex = 0; path = "WorldTrotter-Atheer.silver-bronze.app"; sourceTree = BUILT_PRODUCTS_DIR; };
		3089AEB92727B8C500B9BF54 /* AppDelegate.swift */ = {isa = PBXFileReference; lastKnownFileType = sourcecode.swift; path = AppDelegate.swift; sourceTree = "<group>"; };
		3089AEBB2727B8C500B9BF54 /* SceneDelegate.swift */ = {isa = PBXFileReference; lastKnownFileType = sourcecode.swift; path = SceneDelegate.swift; sourceTree = "<group>"; };
		3089AEBD2727B8C500B9BF54 /* ViewwController.swift */ = {isa = PBXFileReference; lastKnownFileType = sourcecode.swift; path = ViewwController.swift; sourceTree = "<group>"; };
		3089AEC02727B8C500B9BF54 /* Base */ = {isa = PBXFileReference; lastKnownFileType = file.storyboard; name = Base; path = Base.lproj/Main.storyboard; sourceTree = "<group>"; };
		3089AEC22727B8C600B9BF54 /* Assets.xcassets */ = {isa = PBXFileReference; lastKnownFileType = folder.assetcatalog; path = Assets.xcassets; sourceTree = "<group>"; };
		3089AEC52727B8C600B9BF54 /* Base */ = {isa = PBXFileReference; lastKnownFileType = file.storyboard; name = Base; path = Base.lproj/LaunchScreen.storyboard; sourceTree = "<group>"; };
		3089AEC72727B8C600B9BF54 /* Info.plist */ = {isa = PBXFileReference; lastKnownFileType = text.plist.xml; path = Info.plist; sourceTree = "<group>"; };
		3093F2B0272E7F9000BF1B14 /* ViewController.swift */ = {isa = PBXFileReference; lastKnownFileType = sourcecode.swift; path = ViewController.swift; sourceTree = "<group>"; };
/* End PBXFileReference section */

/* Begin PBXFrameworksBuildPhase section */
		3089AEB32727B8C500B9BF54 /* Frameworks */ = {
			isa = PBXFrameworksBuildPhase;
			buildActionMask = 2147483647;
			files = (
			);
			runOnlyForDeploymentPostprocessing = 0;
		};
/* End PBXFrameworksBuildPhase section */

/* Begin PBXGroup section */
		3089AEAD2727B8C500B9BF54 = {
			isa = PBXGroup;
			children = (
				3089AEB82727B8C500B9BF54 /* WorldTrotter-Atheer Abdullah-iter2 */,
				3089AEB72727B8C500B9BF54 /* Products */,
			);
			sourceTree = "<group>";
		};
		3089AEB72727B8C500B9BF54 /* Products */ = {
			isa = PBXGroup;
			children = (
				3089AEB62727B8C500B9BF54 /* WorldTrotter-Atheer.silver-bronze.app */,
			);
			name = Products;
			sourceTree = "<group>";
		};
		3089AEB82727B8C500B9BF54 /* WorldTrotter-Atheer Abdullah-iter2 */ = {
			isa = PBXGroup;
			children = (
				3093F2AF272E7F8600BF1B14 /* New Group */,
				3089AEB92727B8C500B9BF54 /* AppDelegate.swift */,
				3089AEBB2727B8C500B9BF54 /* SceneDelegate.swift */,
				306CF8C62729093A003F8CCD /* QuizManager.swift */,
				3089AEBD2727B8C500B9BF54 /* ViewwController.swift */,
				303E2BED2728211000C332BC /* MapViewController.swift */,
				3089AEBF2727B8C500B9BF54 /* Main.storyboard */,
				3089AEC22727B8C600B9BF54 /* Assets.xcassets */,
				3089AEC42727B8C600B9BF54 /* LaunchScreen.storyboard */,
				3089AEC72727B8C600B9BF54 /* Info.plist */,
			);
			path = "WorldTrotter-Atheer Abdullah-iter2";
			sourceTree = "<group>";
		};
		3093F2AF272E7F8600BF1B14 /* New Group */ = {
			isa = PBXGroup;
			children = (
				3093F2B0272E7F9000BF1B14 /* ViewController.swift */,
				306CF8C42729092E003F8CCD /* File.swift */,
			);
			path = "New Group";
			sourceTree = "<group>";
		};
/* End PBXGroup section */

/* Begin PBXNativeTarget section */
		3089AEB52727B8C500B9BF54 /* WorldTrotter-Atheer.silver-bronze */ = {
			isa = PBXNativeTarget;
			buildConfigurationList = 3089AECA2727B8C600B9BF54 /* Build configuration list for PBXNativeTarget "WorldTrotter-Atheer.silver-bronze" */;
			buildPhases = (
				3089AEB22727B8C500B9BF54 /* Sources */,
				3089AEB32727B8C500B9BF54 /* Frameworks */,
				3089AEB42727B8C500B9BF54 /* Resources */,
			);
			buildRules = (
			);
			dependencies = (
			);
			name = "WorldTrotter-Atheer.silver-bronze";
			productName = "WorldTrotter-Atheer Abdullah-iter2";
			productReference = 3089AEB62727B8C500B9BF54 /* WorldTrotter-Atheer.silver-bronze.app */;
			productType = "com.apple.product-type.application";
		};
/* End PBXNativeTarget section */

/* Begin PBXProject section */
		3089AEAE2727B8C500B9BF54 /* Project object */ = {
			isa = PBXProject;
			attributes = {
				LastSwiftUpdateCheck = 1250;
				LastUpgradeCheck = 1250;
				TargetAttributes = {
					3089AEB52727B8C500B9BF54 = {
						CreatedOnToolsVersion = 12.5;
					};
				};
			};
			buildConfigurationList = 3089AEB12727B8C500B9BF54 /* Build configuration list for PBXProject "WorldTrotter-Atheer.silver-bronze" */;
			compatibilityVersion = "Xcode 9.3";
			developmentRegion = en;
			hasScannedForEncodings = 0;
			knownRegions = (
				en,
				Base,
			);
			mainGroup = 3089AEAD2727B8C500B9BF54;
			productRefGroup = 3089AEB72727B8C500B9BF54 /* Products */;
			projectDirPath = "";
			projectRoot = "";
			targets = (
				3089AEB52727B8C500B9BF54 /* WorldTrotter-Atheer.silver-bronze */,
			);
		};
/* End PBXProject section */

/* Begin PBXResourcesBuildPhase section */
		3089AEB42727B8C500B9BF54 /* Resources */ = {
			isa = PBXResourcesBuildPhase;
			buildActionMask = 2147483647;
			files = (
				3089AEC62727B8C600B9BF54 /* LaunchScreen.storyboard in Resources */,
				3089AEC32727B8C600B9BF54 /* Assets.xcassets in Resources */,
				3089AEC12727B8C500B9BF54 /* Main.storyboard in Resources */,
			);
			runOnlyForDeploymentPostprocessing = 0;
		};
/* End PBXResourcesBuildPhase section */

/* Begin PBXSourcesBuildPhase section */
		3089AEB22727B8C500B9BF54 /* Sources */ = {
			isa = PBXSourcesBuildPhase;
			buildActionMask = 2147483647;
			files = (
				306CF8C52729092E003F8CCD /* File.swift in Sources */,
				3089AEBE2727B8C500B9BF54 /* ViewwController.swift in Sources */,
				306CF8C72729093A003F8CCD /* QuizManager.swift in Sources */,
				3089AEBA2727B8C500B9BF54 /* AppDelegate.swift in Sources */,
				3089AEBC2727B8C500B9BF54 /* SceneDelegate.swift in Sources */,
				303E2BEE2728211000C332BC /* MapViewController.swift in Sources */,
			);
			runOnlyForDeploymentPostprocessing = 0;
		};
/* End PBXSourcesBuildPhase section */

/* Begin PBXVariantGroup section */
		3089AEBF2727B8C500B9BF54 /* Main.storyboard */ = {
			isa = PBXVariantGroup;
			children = (
				3089AEC02727B8C500B9BF54 /* Base */,
			);
			name = Main.storyboard;
			sourceTree = "<group>";
		};
		3089AEC42727B8C600B9BF54 /* LaunchScreen.storyboard */ = {
			isa = PBXVariantGroup;
			children = (
				3089AEC52727B8C600B9BF54 /* Base */,
			);
			name = LaunchScreen.storyboard;
			sourceTree = "<group>";
		};
/* End PBXVariantGroup section */

/* Begin XCBuildConfiguration section */
		3089AEC82727B8C600B9BF54 /* Debug */ = {
			isa = XCBuildConfiguration;
			buildSettings = {
				ALWAYS_SEARCH_USER_PATHS = NO;
				CLANG_ANALYZER_NONNULL = YES;
				CLANG_ANALYZER_NUMBER_OBJECT_CONVERSION = YES_AGGRESSIVE;
				CLANG_CXX_LANGUAGE_STANDARD = "gnu++14";
				CLANG_CXX_LIBRARY = "libc++";
				CLANG_ENABLE_MODULES = YES;
				CLANG_ENABLE_OBJC_ARC = YES;
				CLANG_ENABLE_OBJC_WEAK = YES;
				CLANG_WARN_BLOCK_CAPTURE_AUTORELEASING = YES;
				CLANG_WARN_BOOL_CONVERSION = YES;
				CLANG_WARN_COMMA = YES;
				CLANG_WARN_CONSTANT_CONVERSION = YES;
				CLANG_WARN_DEPRECATED_OBJC_IMPLEMENTATIONS = YES;
				CLANG_WARN_DIRECT_OBJC_ISA_USAGE = YES_ERROR;
				CLANG_WARN_DOCUMENTATION_COMMENTS = YES;
				CLANG_WARN_EMPTY_BODY = YES;
				CLANG_WARN_ENUM_CONVERSION = YES;
				CLANG_WARN_INFINITE_RECURSION = YES;
				CLANG_WARN_INT_CONVERSION = YES;
				CLANG_WARN_NON_LITERAL_NULL_CONVERSION = YES;
				CLANG_WARN_OBJC_IMPLICIT_RETAIN_SELF = YES;
				CLANG_WARN_OBJC_LITERAL_CONVERSION = YES;
				CLANG_WARN_OBJC_ROOT_CLASS = YES_ERROR;
				CLANG_WARN_QUOTED_INCLUDE_IN_FRAMEWORK_HEADER = YES;
				CLANG_WARN_RANGE_LOOP_ANALYSIS = YES;
				CLANG_WARN_STRICT_PROTOTYPES = YES;
				CLANG_WARN_SUSPICIOUS_MOVE = YES;
				CLANG_WARN_UNGUARDED_AVAILABILITY = YES_AGGRESSIVE;
				CLANG_WARN_UNREACHABLE_CODE = YES;
				CLANG_WARN__DUPLICATE_METHOD_MATCH = YES;
				COPY_PHASE_STRIP = NO;
				DEBUG_INFORMATION_FORMAT = dwarf;
				ENABLE_STRICT_OBJC_MSGSEND = YES;
				ENABLE_TESTABILITY = YES;
				GCC_C_LANGUAGE_STANDARD = gnu11;
				GCC_DYNAMIC_NO_PIC = NO;
				GCC_NO_COMMON_BLOCKS = YES;
				GCC_OPTIMIZATION_LEVEL = 0;
				GCC_PREPROCESSOR_DEFINITIONS = (
					"DEBUG=1",
					"$(inherited)",
				);
				GCC_WARN_64_TO_32_BIT_CONVERSION = YES;
				GCC_WARN_ABOUT_RETURN_TYPE = YES_ERROR;
				GCC_WARN_UNDECLARED_SELECTOR = YES;
				GCC_WARN_UNINITIALIZED_AUTOS = YES_AGGRESSIVE;
				GCC_WARN_UNUSED_FUNCTION = YES;
				GCC_WARN_UNUSED_VARIABLE = YES;
				IPHONEOS_DEPLOYMENT_TARGET = 14.5;
				MTL_ENABLE_DEBUG_INFO = INCLUDE_SOURCE;
				MTL_FAST_MATH = YES;
				ONLY_ACTIVE_ARCH = YES;
				SDKROOT = iphoneos;
				SWIFT_ACTIVE_COMPILATION_CONDITIONS = DEBUG;
				SWIFT_OPTIMIZATION_LEVEL = "-Onone";
			};
			name = Debug;
		};
		3089AEC92727B8C600B9BF54 /* Release */ = {
			isa = XCBuildConfiguration;
			buildSettings = {
				ALWAYS_SEARCH_USER_PATHS = NO;
				CLANG_ANALYZER_NONNULL = YES;
				CLANG_ANALYZER_NUMBER_OBJECT_CONVERSION = YES_AGGRESSIVE;
				CLANG_CXX_LANGUAGE_STANDARD = "gnu++14";
				CLANG_CXX_LIBRARY = "libc++";
				CLANG_ENABLE_MODULES = YES;
				CLANG_ENABLE_OBJC_ARC = YES;
				CLANG_ENABLE_OBJC_WEAK = YES;
				CLANG_WARN_BLOCK_CAPTURE_AUTORELEASING = YES;
				CLANG_WARN_BOOL_CONVERSION = YES;
				CLANG_WARN_COMMA = YES;
				CLANG_WARN_CONSTANT_CONVERSION = YES;
				CLANG_WARN_DEPRECATED_OBJC_IMPLEMENTATIONS = YES;
				CLANG_WARN_DIRECT_OBJC_ISA_USAGE = YES_ERROR;
				CLANG_WARN_DOCUMENTATION_COMMENTS = YES;
				CLANG_WARN_EMPTY_BODY = YES;
				CLANG_WARN_ENUM_CONVERSION = YES;
				CLANG_WARN_INFINITE_RECURSION = YES;
				CLANG_WARN_INT_CONVERSION = YES;
				CLANG_WARN_NON_LITERAL_NULL_CONVERSION = YES;
				CLANG_WARN_OBJC_IMPLICIT_RETAIN_SELF = YES;
				CLANG_WARN_OBJC_LITERAL_CONVERSION = YES;
				CLANG_WARN_OBJC_ROOT_CLASS = YES_ERROR;
				CLANG_WARN_QUOTED_INCLUDE_IN_FRAMEWORK_HEADER = YES;
				CLANG_WARN_RANGE_LOOP_ANALYSIS = YES;
				CLANG_WARN_STRICT_PROTOTYPES = YES;
				CLANG_WARN_SUSPICIOUS_MOVE = YES;
				CLANG_WARN_UNGUARDED_AVAILABILITY = YES_AGGRESSIVE;
				CLANG_WARN_UNREACHABLE_CODE = YES;
				CLANG_WARN__DUPLICATE_METHOD_MATCH = YES;
				COPY_PHASE_STRIP = NO;
				DEBUG_INFORMATION_FORMAT = "dwarf-with-dsym";
				ENABLE_NS_ASSERTIONS = NO;
				ENABLE_STRICT_OBJC_MSGSEND = YES;
				GCC_C_LANGUAGE_STANDARD = gnu11;
				GCC_NO_COMMON_BLOCKS = YES;
				GCC_WARN_64_TO_32_BIT_CONVERSION = YES;
				GCC_WARN_ABOUT_RETURN_TYPE = YES_ERROR;
				GCC_WARN_UNDECLARED_SELECTOR = YES;
				GCC_WARN_UNINITIALIZED_AUTOS = YES_AGGRESSIVE;
				GCC_WARN_UNUSED_FUNCTION = YES;
				GCC_WARN_UNUSED_VARIABLE = YES;
				IPHONEOS_DEPLOYMENT_TARGET = 14.5;
				MTL_ENABLE_DEBUG_INFO = NO;
				MTL_FAST_MATH = YES;
				SDKROOT = iphoneos;
				SWIFT_COMPILATION_MODE = wholemodule;
				SWIFT_OPTIMIZATION_LEVEL = "-O";
				VALIDATE_PRODUCT = YES;
			};
			name = Release;
		};
		3089AECB2727B8C600B9BF54 /* Debug */ = {
			isa = XCBuildConfiguration;
			buildSettings = {
				ASSETCATALOG_COMPILER_APPICON_NAME = AppIcon;
				ASSETCATALOG_COMPILER_GLOBAL_ACCENT_COLOR_NAME = AccentColor;
				CODE_SIGN_STYLE = Automatic;
				DEVELOPMENT_TEAM = 5QRT7ZW25M;
				INFOPLIST_FILE = "WorldTrotter-Atheer Abdullah-iter2/Info.plist";
				IPHONEOS_DEPLOYMENT_TARGET = 14.5;
				LD_RUNPATH_SEARCH_PATHS = (
					"$(inherited)",
					"@executable_path/Frameworks",
				);
				PRODUCT_BUNDLE_IDENTIFIER = "com.Atheer.WorldTrotter-Atheer-Abdullah-iter2";
				PRODUCT_NAME = "$(TARGET_NAME)";
				SWIFT_VERSION = 5.0;
				TARGETED_DEVICE_FAMILY = "1,2";
			};
			name = Debug;
		};
		3089AECC2727B8C600B9BF54 /* Release */ = {
			isa = XCBuildConfiguration;
			buildSettings = {
				ASSETCATALOG_COMPILER_APPICON_NAME = AppIcon;
				ASSETCATALOG_COMPILER_GLOBAL_ACCENT_COLOR_NAME = AccentColor;
				CODE_SIGN_STYLE = Automatic;
				DEVELOPMENT_TEAM = 5QRT7ZW25M;
				INFOPLIST_FILE = "WorldTrotter-Atheer Abdullah-iter2/Info.plist";
				IPHONEOS_DEPLOYMENT_TARGET = 14.5;
				LD_RUNPATH_SEARCH_PATHS = (
					"$(inherited)",
					"@executable_path/Frameworks",
				);
				PRODUCT_BUNDLE_IDENTIFIER = "com.Atheer.WorldTrotter-Atheer-Abdullah-iter2";
				PRODUCT_NAME = "$(TARGET_NAME)";
				SWIFT_VERSION = 5.0;
				TARGETED_DEVICE_FAMILY = "1,2";
			};
			name = Release;
		};
/* End XCBuildConfiguration section */

/* Begin XCConfigurationList section */
		3089AEB12727B8C500B9BF54 /* Build configuration list for PBXProject "WorldTrotter-Atheer.silver-bronze" */ = {
			isa = XCConfigurationList;
			buildConfigurations = (
				3089AEC82727B8C600B9BF54 /* Debug */,
				3089AEC92727B8C600B9BF54 /* Release */,
			);
			defaultConfigurationIsVisible = 0;
			defaultConfigurationName = Release;
		};
		3089AECA2727B8C600B9BF54 /* Build configuration list for PBXNativeTarget "WorldTrotter-Atheer.silver-bronze" */ = {
			isa = XCConfigurationList;
			buildConfigurations = (
				3089AECB2727B8C600B9BF54 /* Debug */,
				3089AECC2727B8C600B9BF54 /* Release */,
			);
			defaultConfigurationIsVisible = 0;
			defaultConfigurationName = Release;
		};
/* End XCConfigurationList section */
	};
	rootObject = 3089AEAE2727B8C500B9BF54 /* Project object */;
}
