// !$*UTF8*$!
{
	archiveVersion = 1;
	classes = {
	};
	objectVersion = 50;
	objects = {

/* Begin PBXBuildFile section */
		AE2CCC5B2727F015007AA040 /* MapViewController.swift in Sources */ = {isa = PBXBuildFile; fileRef = AE2CCC5A2727F015007AA040 /* MapViewController.swift */; };
		AE44F80427253A7800663E74 /* AppDelegate.swift in Sources */ = {isa = PBXBuildFile; fileRef = AE44F80327253A7800663E74 /* AppDelegate.swift */; };
		AE44F80627253A7800663E74 /* SceneDelegate.swift in Sources */ = {isa = PBXBuildFile; fileRef = AE44F80527253A7800663E74 /* SceneDelegate.swift */; };
		AE44F80827253A7800663E74 /* ConversionViewController.swift in Sources */ = {isa = PBXBuildFile; fileRef = AE44F80727253A7800663E74 /* ConversionViewController.swift */; };
		AE44F80B27253A7800663E74 /* Main.storyboard in Resources */ = {isa = PBXBuildFile; fileRef = AE44F80927253A7800663E74 /* Main.storyboard */; };
		AE44F80D27253A7900663E74 /* Assets.xcassets in Resources */ = {isa = PBXBuildFile; fileRef = AE44F80C27253A7900663E74 /* Assets.xcassets */; };
		AE44F81027253A7900663E74 /* LaunchScreen.storyboard in Resources */ = {isa = PBXBuildFile; fileRef = AE44F80E27253A7900663E74 /* LaunchScreen.storyboard */; };
		AE7CD667272FC2F60043EEAD /* UIColor+Extension.swift in Sources */ = {isa = PBXBuildFile; fileRef = AE7CD666272FC2F60043EEAD /* UIColor+Extension.swift */; };
		AE7CD66A272FC5A00043EEAD /* CMLabel.swift in Sources */ = {isa = PBXBuildFile; fileRef = AE7CD669272FC5A00043EEAD /* CMLabel.swift */; };
/* End PBXBuildFile section */

/* Begin PBXFileReference section */
		AE2CCC5A2727F015007AA040 /* MapViewController.swift */ = {isa = PBXFileReference; lastKnownFileType = sourcecode.swift; path = MapViewController.swift; sourceTree = "<group>"; };
		AE44F80027253A7700663E74 /* WorldTrotter- Programmatically-  “Reema.Mousa”-iter1.app */ = {isa = PBXFileReference; explicitFileType = wrapper.application; includeInIndex = 0; path = "WorldTrotter- Programmatically-  “Reema.Mousa”-iter1.app"; sourceTree = BUILT_PRODUCTS_DIR; };
		AE44F80327253A7800663E74 /* AppDelegate.swift */ = {isa = PBXFileReference; lastKnownFileType = sourcecode.swift; path = AppDelegate.swift; sourceTree = "<group>"; };
		AE44F80527253A7800663E74 /* SceneDelegate.swift */ = {isa = PBXFileReference; lastKnownFileType = sourcecode.swift; path = SceneDelegate.swift; sourceTree = "<group>"; };
		AE44F80727253A7800663E74 /* ConversionViewController.swift */ = {isa = PBXFileReference; lastKnownFileType = sourcecode.swift; path = ConversionViewController.swift; sourceTree = "<group>"; };
		AE44F80A27253A7800663E74 /* Base */ = {isa = PBXFileReference; lastKnownFileType = file.storyboard; name = Base; path = Base.lproj/Main.storyboard; sourceTree = "<group>"; };
		AE44F80C27253A7900663E74 /* Assets.xcassets */ = {isa = PBXFileReference; lastKnownFileType = folder.assetcatalog; path = Assets.xcassets; sourceTree = "<group>"; };
		AE44F80F27253A7900663E74 /* Base */ = {isa = PBXFileReference; lastKnownFileType = file.storyboard; name = Base; path = Base.lproj/LaunchScreen.storyboard; sourceTree = "<group>"; };
		AE44F81127253A7900663E74 /* Info.plist */ = {isa = PBXFileReference; lastKnownFileType = text.plist.xml; path = Info.plist; sourceTree = "<group>"; };
		AE7CD666272FC2F60043EEAD /* UIColor+Extension.swift */ = {isa = PBXFileReference; lastKnownFileType = sourcecode.swift; path = "UIColor+Extension.swift"; sourceTree = "<group>"; };
		AE7CD669272FC5A00043EEAD /* CMLabel.swift */ = {isa = PBXFileReference; lastKnownFileType = sourcecode.swift; path = CMLabel.swift; sourceTree = "<group>"; };
/* End PBXFileReference section */

/* Begin PBXFrameworksBuildPhase section */
		AE44F7FD27253A7700663E74 /* Frameworks */ = {
			isa = PBXFrameworksBuildPhase;
			buildActionMask = 2147483647;
			files = (
			);
			runOnlyForDeploymentPostprocessing = 0;
		};
/* End PBXFrameworksBuildPhase section */

/* Begin PBXGroup section */
		AE44F7F727253A7700663E74 = {
			isa = PBXGroup;
			children = (
				AE7CD668272FC5750043EEAD /* Custom_View  */,
				AE7CD665272FC2B00043EEAD /* extension */,
				AE44F80227253A7700663E74 /* WorldTrotter- Programmatically-  “Reema.Mousa”-iter1 */,
				AEB3FD5C2728874200297CDF /* Controller  */,
				AEB3FD58272886D600297CDF /* View */,
				AE44F80127253A7700663E74 /* Products */,
			);
			sourceTree = "<group>";
		};
		AE44F80127253A7700663E74 /* Products */ = {
			isa = PBXGroup;
			children = (
				AE44F80027253A7700663E74 /* WorldTrotter- Programmatically-  “Reema.Mousa”-iter1.app */,
			);
			name = Products;
			sourceTree = "<group>";
		};
		AE44F80227253A7700663E74 /* WorldTrotter- Programmatically-  “Reema.Mousa”-iter1 */ = {
			isa = PBXGroup;
			children = (
				AE44F80327253A7800663E74 /* AppDelegate.swift */,
				AE44F80527253A7800663E74 /* SceneDelegate.swift */,
				AE44F80C27253A7900663E74 /* Assets.xcassets */,
				AE44F81127253A7900663E74 /* Info.plist */,
			);
			path = "WorldTrotter- Programmatically-  “Reema.Mousa”-iter1";
			sourceTree = "<group>";
		};
		AE7CD665272FC2B00043EEAD /* extension */ = {
			isa = PBXGroup;
			children = (
				AE7CD666272FC2F60043EEAD /* UIColor+Extension.swift */,
			);
			path = extension;
			sourceTree = "<group>";
		};
		AE7CD668272FC5750043EEAD /* Custom_View  */ = {
			isa = PBXGroup;
			children = (
				AE7CD669272FC5A00043EEAD /* CMLabel.swift */,
			);
			path = "Custom_View ";
			sourceTree = "<group>";
		};
		AEB3FD58272886D600297CDF /* View */ = {
			isa = PBXGroup;
			children = (
				AE44F80927253A7800663E74 /* Main.storyboard */,
				AE44F80E27253A7900663E74 /* LaunchScreen.storyboard */,
			);
			path = View;
			sourceTree = "<group>";
		};
		AEB3FD5C2728874200297CDF /* Controller  */ = {
			isa = PBXGroup;
			children = (
				AE44F80727253A7800663E74 /* ConversionViewController.swift */,
				AE2CCC5A2727F015007AA040 /* MapViewController.swift */,
			);
			path = "Controller ";
			sourceTree = "<group>";
		};
/* End PBXGroup section */

/* Begin PBXNativeTarget section */
		AE44F7FF27253A7700663E74 /* WorldTrotter- Programmatically-  “Reema.Mousa”-iter1 */ = {
			isa = PBXNativeTarget;
			buildConfigurationList = AE44F81427253A7900663E74 /* Build configuration list for PBXNativeTarget "WorldTrotter- Programmatically-  “Reema.Mousa”-iter1" */;
			buildPhases = (
				AE44F7FC27253A7700663E74 /* Sources */,
				AE44F7FD27253A7700663E74 /* Frameworks */,
				AE44F7FE27253A7700663E74 /* Resources */,
			);
			buildRules = (
			);
			dependencies = (
			);
			name = "WorldTrotter- Programmatically-  “Reema.Mousa”-iter1";
			productName = "WorldTrotter- Programmatically-  “Reema.Mousa”-iter1";
			productReference = AE44F80027253A7700663E74 /* WorldTrotter- Programmatically-  “Reema.Mousa”-iter1.app */;
			productType = "com.apple.product-type.application";
		};
/* End PBXNativeTarget section */

/* Begin PBXProject section */
		AE44F7F827253A7700663E74 /* Project object */ = {
			isa = PBXProject;
			attributes = {
				LastSwiftUpdateCheck = 1250;
				LastUpgradeCheck = 1250;
				TargetAttributes = {
					AE44F7FF27253A7700663E74 = {
						CreatedOnToolsVersion = 12.5;
					};
				};
			};
			buildConfigurationList = AE44F7FB27253A7700663E74 /* Build configuration list for PBXProject "WorldTrotter- Programmatically-  “Reema.Mousa”-iter1" */;
			compatibilityVersion = "Xcode 9.3";
			developmentRegion = en;
			hasScannedForEncodings = 0;
			knownRegions = (
				en,
				Base,
			);
			mainGroup = AE44F7F727253A7700663E74;
			productRefGroup = AE44F80127253A7700663E74 /* Products */;
			projectDirPath = "";
			projectRoot = "";
			targets = (
				AE44F7FF27253A7700663E74 /* WorldTrotter- Programmatically-  “Reema.Mousa”-iter1 */,
			);
		};
/* End PBXProject section */

/* Begin PBXResourcesBuildPhase section */
		AE44F7FE27253A7700663E74 /* Resources */ = {
			isa = PBXResourcesBuildPhase;
			buildActionMask = 2147483647;
			files = (
				AE44F81027253A7900663E74 /* LaunchScreen.storyboard in Resources */,
				AE44F80D27253A7900663E74 /* Assets.xcassets in Resources */,
				AE44F80B27253A7800663E74 /* Main.storyboard in Resources */,
			);
			runOnlyForDeploymentPostprocessing = 0;
		};
/* End PBXResourcesBuildPhase section */

/* Begin PBXSourcesBuildPhase section */
		AE44F7FC27253A7700663E74 /* Sources */ = {
			isa = PBXSourcesBuildPhase;
			buildActionMask = 2147483647;
			files = (
				AE44F80827253A7800663E74 /* ConversionViewController.swift in Sources */,
				AE44F80427253A7800663E74 /* AppDelegate.swift in Sources */,
				AE7CD66A272FC5A00043EEAD /* CMLabel.swift in Sources */,
				AE44F80627253A7800663E74 /* SceneDelegate.swift in Sources */,
				AE2CCC5B2727F015007AA040 /* MapViewController.swift in Sources */,
				AE7CD667272FC2F60043EEAD /* UIColor+Extension.swift in Sources */,
			);
			runOnlyForDeploymentPostprocessing = 0;
		};
/* End PBXSourcesBuildPhase section */

/* Begin PBXVariantGroup section */
		AE44F80927253A7800663E74 /* Main.storyboard */ = {
			isa = PBXVariantGroup;
			children = (
				AE44F80A27253A7800663E74 /* Base */,
			);
			name = Main.storyboard;
			sourceTree = "<group>";
		};
		AE44F80E27253A7900663E74 /* LaunchScreen.storyboard */ = {
			isa = PBXVariantGroup;
			children = (
				AE44F80F27253A7900663E74 /* Base */,
			);
			name = LaunchScreen.storyboard;
			sourceTree = "<group>";
		};
/* End PBXVariantGroup section */

/* Begin XCBuildConfiguration section */
		AE44F81227253A7900663E74 /* Debug */ = {
			isa = XCBuildConfiguration;
			buildSettings = {
				ALWAYS_SEARCH_USER_PATHS = NO;
				CLANG_ANALYZER_NONNULL = YES;
				CLANG_ANALYZER_NUMBER_OBJECT_CONVERSION = YES_AGGRESSIVE;
				CLANG_CXX_LANGUAGE_STANDARD = "gnu++14";
				CLANG_CXX_LIBRARY = "libc++";
				CLANG_ENABLE_MODULES = YES;
				CLANG_ENABLE_OBJC_ARC = YES;
				CLANG_ENABLE_OBJC_WEAK = YES;
				CLANG_WARN_BLOCK_CAPTURE_AUTORELEASING = YES;
				CLANG_WARN_BOOL_CONVERSION = YES;
				CLANG_WARN_COMMA = YES;
				CLANG_WARN_CONSTANT_CONVERSION = YES;
				CLANG_WARN_DEPRECATED_OBJC_IMPLEMENTATIONS = YES;
				CLANG_WARN_DIRECT_OBJC_ISA_USAGE = YES_ERROR;
				CLANG_WARN_DOCUMENTATION_COMMENTS = YES;
				CLANG_WARN_EMPTY_BODY = YES;
				CLANG_WARN_ENUM_CONVERSION = YES;
				CLANG_WARN_INFINITE_RECURSION = YES;
				CLANG_WARN_INT_CONVERSION = YES;
				CLANG_WARN_NON_LITERAL_NULL_CONVERSION = YES;
				CLANG_WARN_OBJC_IMPLICIT_RETAIN_SELF = YES;
				CLANG_WARN_OBJC_LITERAL_CONVERSION = YES;
				CLANG_WARN_OBJC_ROOT_CLASS = YES_ERROR;
				CLANG_WARN_QUOTED_INCLUDE_IN_FRAMEWORK_HEADER = YES;
				CLANG_WARN_RANGE_LOOP_ANALYSIS = YES;
				CLANG_WARN_STRICT_PROTOTYPES = YES;
				CLANG_WARN_SUSPICIOUS_MOVE = YES;
				CLANG_WARN_UNGUARDED_AVAILABILITY = YES_AGGRESSIVE;
				CLANG_WARN_UNREACHABLE_CODE = YES;
				CLANG_WARN__DUPLICATE_METHOD_MATCH = YES;
				COPY_PHASE_STRIP = NO;
				DEBUG_INFORMATION_FORMAT = dwarf;
				ENABLE_STRICT_OBJC_MSGSEND = YES;
				ENABLE_TESTABILITY = YES;
				GCC_C_LANGUAGE_STANDARD = gnu11;
				GCC_DYNAMIC_NO_PIC = NO;
				GCC_NO_COMMON_BLOCKS = YES;
				GCC_OPTIMIZATION_LEVEL = 0;
				GCC_PREPROCESSOR_DEFINITIONS = (
					"DEBUG=1",
					"$(inherited)",
				);
				GCC_WARN_64_TO_32_BIT_CONVERSION = YES;
				GCC_WARN_ABOUT_RETURN_TYPE = YES_ERROR;
				GCC_WARN_UNDECLARED_SELECTOR = YES;
				GCC_WARN_UNINITIALIZED_AUTOS = YES_AGGRESSIVE;
				GCC_WARN_UNUSED_FUNCTION = YES;
				GCC_WARN_UNUSED_VARIABLE = YES;
				IPHONEOS_DEPLOYMENT_TARGET = 14.5;
				MTL_ENABLE_DEBUG_INFO = INCLUDE_SOURCE;
				MTL_FAST_MATH = YES;
				ONLY_ACTIVE_ARCH = YES;
				SDKROOT = iphoneos;
				SWIFT_ACTIVE_COMPILATION_CONDITIONS = DEBUG;
				SWIFT_OPTIMIZATION_LEVEL = "-Onone";
			};
			name = Debug;
		};
		AE44F81327253A7900663E74 /* Release */ = {
			isa = XCBuildConfiguration;
			buildSettings = {
				ALWAYS_SEARCH_USER_PATHS = NO;
				CLANG_ANALYZER_NONNULL = YES;
				CLANG_ANALYZER_NUMBER_OBJECT_CONVERSION = YES_AGGRESSIVE;
				CLANG_CXX_LANGUAGE_STANDARD = "gnu++14";
				CLANG_CXX_LIBRARY = "libc++";
				CLANG_ENABLE_MODULES = YES;
				CLANG_ENABLE_OBJC_ARC = YES;
				CLANG_ENABLE_OBJC_WEAK = YES;
				CLANG_WARN_BLOCK_CAPTURE_AUTORELEASING = YES;
				CLANG_WARN_BOOL_CONVERSION = YES;
				CLANG_WARN_COMMA = YES;
				CLANG_WARN_CONSTANT_CONVERSION = YES;
				CLANG_WARN_DEPRECATED_OBJC_IMPLEMENTATIONS = YES;
				CLANG_WARN_DIRECT_OBJC_ISA_USAGE = YES_ERROR;
				CLANG_WARN_DOCUMENTATION_COMMENTS = YES;
				CLANG_WARN_EMPTY_BODY = YES;
				CLANG_WARN_ENUM_CONVERSION = YES;
				CLANG_WARN_INFINITE_RECURSION = YES;
				CLANG_WARN_INT_CONVERSION = YES;
				CLANG_WARN_NON_LITERAL_NULL_CONVERSION = YES;
				CLANG_WARN_OBJC_IMPLICIT_RETAIN_SELF = YES;
				CLANG_WARN_OBJC_LITERAL_CONVERSION = YES;
				CLANG_WARN_OBJC_ROOT_CLASS = YES_ERROR;
				CLANG_WARN_QUOTED_INCLUDE_IN_FRAMEWORK_HEADER = YES;
				CLANG_WARN_RANGE_LOOP_ANALYSIS = YES;
				CLANG_WARN_STRICT_PROTOTYPES = YES;
				CLANG_WARN_SUSPICIOUS_MOVE = YES;
				CLANG_WARN_UNGUARDED_AVAILABILITY = YES_AGGRESSIVE;
				CLANG_WARN_UNREACHABLE_CODE = YES;
				CLANG_WARN__DUPLICATE_METHOD_MATCH = YES;
				COPY_PHASE_STRIP = NO;
				DEBUG_INFORMATION_FORMAT = "dwarf-with-dsym";
				ENABLE_NS_ASSERTIONS = NO;
				ENABLE_STRICT_OBJC_MSGSEND = YES;
				GCC_C_LANGUAGE_STANDARD = gnu11;
				GCC_NO_COMMON_BLOCKS = YES;
				GCC_WARN_64_TO_32_BIT_CONVERSION = YES;
				GCC_WARN_ABOUT_RETURN_TYPE = YES_ERROR;
				GCC_WARN_UNDECLARED_SELECTOR = YES;
				GCC_WARN_UNINITIALIZED_AUTOS = YES_AGGRESSIVE;
				GCC_WARN_UNUSED_FUNCTION = YES;
				GCC_WARN_UNUSED_VARIABLE = YES;
				IPHONEOS_DEPLOYMENT_TARGET = 14.5;
				MTL_ENABLE_DEBUG_INFO = NO;
				MTL_FAST_MATH = YES;
				SDKROOT = iphoneos;
				SWIFT_COMPILATION_MODE = wholemodule;
				SWIFT_OPTIMIZATION_LEVEL = "-O";
				VALIDATE_PRODUCT = YES;
			};
			name = Release;
		};
		AE44F81527253A7900663E74 /* Debug */ = {
			isa = XCBuildConfiguration;
			buildSettings = {
				ASSETCATALOG_COMPILER_APPICON_NAME = AppIcon;
				ASSETCATALOG_COMPILER_GLOBAL_ACCENT_COLOR_NAME = AccentColor;
				CODE_SIGN_STYLE = Automatic;
				DEVELOPMENT_TEAM = AQQ2YBW9F8;
				INFOPLIST_FILE = "WorldTrotter- Programmatically-  “Reema.Mousa”-iter1/Info.plist";
				LD_RUNPATH_SEARCH_PATHS = (
					"$(inherited)",
					"@executable_path/Frameworks",
				);
				PRODUCT_BUNDLE_IDENTIFIER = "reema.com.WorldTrotter--Programmatically----Reema-Mousa--iter1";
				PRODUCT_NAME = "$(TARGET_NAME)";
				SWIFT_VERSION = 5.0;
				TARGETED_DEVICE_FAMILY = "1,2";
			};
			name = Debug;
		};
		AE44F81627253A7900663E74 /* Release */ = {
			isa = XCBuildConfiguration;
			buildSettings = {
				ASSETCATALOG_COMPILER_APPICON_NAME = AppIcon;
				ASSETCATALOG_COMPILER_GLOBAL_ACCENT_COLOR_NAME = AccentColor;
				CODE_SIGN_STYLE = Automatic;
				DEVELOPMENT_TEAM = AQQ2YBW9F8;
				INFOPLIST_FILE = "WorldTrotter- Programmatically-  “Reema.Mousa”-iter1/Info.plist";
				LD_RUNPATH_SEARCH_PATHS = (
					"$(inherited)",
					"@executable_path/Frameworks",
				);
				PRODUCT_BUNDLE_IDENTIFIER = "reema.com.WorldTrotter--Programmatically----Reema-Mousa--iter1";
				PRODUCT_NAME = "$(TARGET_NAME)";
				SWIFT_VERSION = 5.0;
				TARGETED_DEVICE_FAMILY = "1,2";
			};
			name = Release;
		};
/* End XCBuildConfiguration section */

/* Begin XCConfigurationList section */
		AE44F7FB27253A7700663E74 /* Build configuration list for PBXProject "WorldTrotter- Programmatically-  “Reema.Mousa”-iter1" */ = {
			isa = XCConfigurationList;
			buildConfigurations = (
				AE44F81227253A7900663E74 /* Debug */,
				AE44F81327253A7900663E74 /* Release */,
			);
			defaultConfigurationIsVisible = 0;
			defaultConfigurationName = Release;
		};
		AE44F81427253A7900663E74 /* Build configuration list for PBXNativeTarget "WorldTrotter- Programmatically-  “Reema.Mousa”-iter1" */ = {
			isa = XCConfigurationList;
			buildConfigurations = (
				AE44F81527253A7900663E74 /* Debug */,
				AE44F81627253A7900663E74 /* Release */,
			);
			defaultConfigurationIsVisible = 0;
			defaultConfigurationName = Release;
		};
/* End XCConfigurationList section */
	};
	rootObject = AE44F7F827253A7700663E74 /* Project object */;
}
