// !$*UTF8*$!
{
	archiveVersion = 1;
	classes = {
	};
	objectVersion = 54;
	objects = {

/* Begin PBXBuildFile section */
		2706E84B2733F65300DD950C /* ViewController+Extensions.swift in Sources */ = {isa = PBXBuildFile; fileRef = 2706E84A2733F65200DD950C /* ViewController+Extensions.swift */; };
		2724885027301D7C008DA574 /* ConversionViewController.swift in Sources */ = {isa = PBXBuildFile; fileRef = 2724884F27301D7C008DA574 /* ConversionViewController.swift */; };
		27305BB727268607006B1C28 /* AppDelegate.swift in Sources */ = {isa = PBXBuildFile; fileRef = 27305BB627268607006B1C28 /* AppDelegate.swift */; };
		27305BB927268607006B1C28 /* SceneDelegate.swift in Sources */ = {isa = PBXBuildFile; fileRef = 27305BB827268607006B1C28 /* SceneDelegate.swift */; };
		27305BBB27268607006B1C28 /* ViewController.swift in Sources */ = {isa = PBXBuildFile; fileRef = 27305BBA27268607006B1C28 /* ViewController.swift */; };
		27305BBE27268607006B1C28 /* Main.storyboard in Resources */ = {isa = PBXBuildFile; fileRef = 27305BBC27268607006B1C28 /* Main.storyboard */; };
		27305BC027268607006B1C28 /* Assets.xcassets in Resources */ = {isa = PBXBuildFile; fileRef = 27305BBF27268607006B1C28 /* Assets.xcassets */; };
		27305BC327268607006B1C28 /* LaunchScreen.storyboard in Resources */ = {isa = PBXBuildFile; fileRef = 27305BC127268607006B1C28 /* LaunchScreen.storyboard */; };
		279D1A052733B422000BF384 /* MapViewControllerr.swift in Sources */ = {isa = PBXBuildFile; fileRef = 279D1A042733B422000BF384 /* MapViewControllerr.swift */; };
/* End PBXBuildFile section */

/* Begin PBXFileReference section */
		2706E84A2733F65200DD950C /* ViewController+Extensions.swift */ = {isa = PBXFileReference; fileEncoding = 4; lastKnownFileType = sourcecode.swift; path = "ViewController+Extensions.swift"; sourceTree = "<group>"; };
		2724884F27301D7C008DA574 /* ConversionViewController.swift */ = {isa = PBXFileReference; lastKnownFileType = sourcecode.swift; path = ConversionViewController.swift; sourceTree = "<group>"; };
		27305BB327268607006B1C28 /* WorldTrotter-“Mohammed_ALatawi”-iter1.app */ = {isa = PBXFileReference; explicitFileType = wrapper.application; includeInIndex = 0; path = "WorldTrotter-“Mohammed_ALatawi”-iter1.app"; sourceTree = BUILT_PRODUCTS_DIR; };
		27305BB627268607006B1C28 /* AppDelegate.swift */ = {isa = PBXFileReference; lastKnownFileType = sourcecode.swift; path = AppDelegate.swift; sourceTree = "<group>"; };
		27305BB827268607006B1C28 /* SceneDelegate.swift */ = {isa = PBXFileReference; lastKnownFileType = sourcecode.swift; path = SceneDelegate.swift; sourceTree = "<group>"; };
		27305BBA27268607006B1C28 /* ViewController.swift */ = {isa = PBXFileReference; lastKnownFileType = sourcecode.swift; path = ViewController.swift; sourceTree = "<group>"; };
		27305BBD27268607006B1C28 /* Base */ = {isa = PBXFileReference; lastKnownFileType = file.storyboard; name = Base; path = Base.lproj/Main.storyboard; sourceTree = "<group>"; };
		27305BBF27268607006B1C28 /* Assets.xcassets */ = {isa = PBXFileReference; lastKnownFileType = folder.assetcatalog; path = Assets.xcassets; sourceTree = "<group>"; };
		27305BC227268607006B1C28 /* Base */ = {isa = PBXFileReference; lastKnownFileType = file.storyboard; name = Base; path = Base.lproj/LaunchScreen.storyboard; sourceTree = "<group>"; };
		27305BC427268607006B1C28 /* Info.plist */ = {isa = PBXFileReference; lastKnownFileType = text.plist.xml; path = Info.plist; sourceTree = "<group>"; };
		279D1A042733B422000BF384 /* MapViewControllerr.swift */ = {isa = PBXFileReference; lastKnownFileType = sourcecode.swift; path = MapViewControllerr.swift; sourceTree = "<group>"; };
/* End PBXFileReference section */

/* Begin PBXFrameworksBuildPhase section */
		27305BB027268606006B1C28 /* Frameworks */ = {
			isa = PBXFrameworksBuildPhase;
			buildActionMask = 2147483647;
			files = (
			);
			runOnlyForDeploymentPostprocessing = 0;
		};
/* End PBXFrameworksBuildPhase section */

/* Begin PBXGroup section */
		2706E84C273402DC00DD950C /* Extensions */ = {
			isa = PBXGroup;
			children = (
				2706E84A2733F65200DD950C /* ViewController+Extensions.swift */,
			);
			path = Extensions;
			sourceTree = "<group>";
		};
		2706E84D2734030900DD950C /* MapView+Conversion */ = {
			isa = PBXGroup;
			children = (
				2724884F27301D7C008DA574 /* ConversionViewController.swift */,
				279D1A042733B422000BF384 /* MapViewControllerr.swift */,
			);
			path = "MapView+Conversion";
			sourceTree = "<group>";
		};
		27305BAA27268606006B1C28 = {
			isa = PBXGroup;
			children = (
				27305BB527268607006B1C28 /* WorldTrotter-“Mohammed_ALatawi”-iter1 */,
				27305BB427268607006B1C28 /* Products */,
			);
			sourceTree = "<group>";
		};
		27305BB427268607006B1C28 /* Products */ = {
			isa = PBXGroup;
			children = (
				27305BB327268607006B1C28 /* WorldTrotter-“Mohammed_ALatawi”-iter1.app */,
			);
			name = Products;
			sourceTree = "<group>";
		};
		27305BB527268607006B1C28 /* WorldTrotter-“Mohammed_ALatawi”-iter1 */ = {
			isa = PBXGroup;
			children = (
				2706E84C273402DC00DD950C /* Extensions */,
				27305BB627268607006B1C28 /* AppDelegate.swift */,
				27305BB827268607006B1C28 /* SceneDelegate.swift */,
				27305BBA27268607006B1C28 /* ViewController.swift */,
				27305BBC27268607006B1C28 /* Main.storyboard */,
				2706E84D2734030900DD950C /* MapView+Conversion */,
				27305BBF27268607006B1C28 /* Assets.xcassets */,
				27305BC127268607006B1C28 /* LaunchScreen.storyboard */,
				27305BC427268607006B1C28 /* Info.plist */,
			);
			path = "WorldTrotter-“Mohammed_ALatawi”-iter1";
			sourceTree = "<group>";
		};
/* End PBXGroup section */

/* Begin PBXNativeTarget section */
		27305BB227268606006B1C28 /* WorldTrotter-“Mohammed_ALatawi”-iter1 */ = {
			isa = PBXNativeTarget;
			buildConfigurationList = 27305BC727268607006B1C28 /* Build configuration list for PBXNativeTarget "WorldTrotter-“Mohammed_ALatawi”-iter1" */;
			buildPhases = (
				27305BAF27268606006B1C28 /* Sources */,
				27305BB027268606006B1C28 /* Frameworks */,
				27305BB127268606006B1C28 /* Resources */,
			);
			buildRules = (
			);
			dependencies = (
			);
			name = "WorldTrotter-“Mohammed_ALatawi”-iter1";
			productName = "WorldTrotter-“Mohammed_ALatawi”-iter1";
			productReference = 27305BB327268607006B1C28 /* WorldTrotter-“Mohammed_ALatawi”-iter1.app */;
			productType = "com.apple.product-type.application";
		};
/* End PBXNativeTarget section */

/* Begin PBXProject section */
		27305BAB27268606006B1C28 /* Project object */ = {
			isa = PBXProject;
			attributes = {
				LastSwiftUpdateCheck = 1250;
				LastUpgradeCheck = 1250;
				TargetAttributes = {
					27305BB227268606006B1C28 = {
						CreatedOnToolsVersion = 12.5;
					};
				};
			};
			buildConfigurationList = 27305BAE27268606006B1C28 /* Build configuration list for PBXProject "WorldTrotter-“Mohammed_ALatawi”-iter4" */;
			compatibilityVersion = "Xcode 12.0";
			developmentRegion = en;
			hasScannedForEncodings = 0;
			knownRegions = (
				en,
				Base,
			);
			mainGroup = 27305BAA27268606006B1C28;
			productRefGroup = 27305BB427268607006B1C28 /* Products */;
			projectDirPath = "";
			projectRoot = "";
			targets = (
				27305BB227268606006B1C28 /* WorldTrotter-“Mohammed_ALatawi”-iter1 */,
			);
		};
/* End PBXProject section */

/* Begin PBXResourcesBuildPhase section */
		27305BB127268606006B1C28 /* Resources */ = {
			isa = PBXResourcesBuildPhase;
			buildActionMask = 2147483647;
			files = (
				27305BC327268607006B1C28 /* LaunchScreen.storyboard in Resources */,
				27305BC027268607006B1C28 /* Assets.xcassets in Resources */,
				27305BBE27268607006B1C28 /* Main.storyboard in Resources */,
			);
			runOnlyForDeploymentPostprocessing = 0;
		};
/* End PBXResourcesBuildPhase section */

/* Begin PBXSourcesBuildPhase section */
		27305BAF27268606006B1C28 /* Sources */ = {
			isa = PBXSourcesBuildPhase;
			buildActionMask = 2147483647;
			files = (
				27305BBB27268607006B1C28 /* ViewController.swift in Sources */,
				27305BB727268607006B1C28 /* AppDelegate.swift in Sources */,
				2724885027301D7C008DA574 /* ConversionViewController.swift in Sources */,
				27305BB927268607006B1C28 /* SceneDelegate.swift in Sources */,
				2706E84B2733F65300DD950C /* ViewController+Extensions.swift in Sources */,
				279D1A052733B422000BF384 /* MapViewControllerr.swift in Sources */,
			);
			runOnlyForDeploymentPostprocessing = 0;
		};
/* End PBXSourcesBuildPhase section */

/* Begin PBXVariantGroup section */
		27305BBC27268607006B1C28 /* Main.storyboard */ = {
			isa = PBXVariantGroup;
			children = (
				27305BBD27268607006B1C28 /* Base */,
			);
			name = Main.storyboard;
			sourceTree = "<group>";
		};
		27305BC127268607006B1C28 /* LaunchScreen.storyboard */ = {
			isa = PBXVariantGroup;
			children = (
				27305BC227268607006B1C28 /* Base */,
			);
			name = LaunchScreen.storyboard;
			sourceTree = "<group>";
		};
/* End PBXVariantGroup section */

/* Begin XCBuildConfiguration section */
		27305BC527268607006B1C28 /* Debug */ = {
			isa = XCBuildConfiguration;
			buildSettings = {
				ALWAYS_SEARCH_USER_PATHS = NO;
				CLANG_ANALYZER_NONNULL = YES;
				CLANG_ANALYZER_NUMBER_OBJECT_CONVERSION = YES_AGGRESSIVE;
				CLANG_CXX_LANGUAGE_STANDARD = "gnu++14";
				CLANG_CXX_LIBRARY = "libc++";
				CLANG_ENABLE_MODULES = YES;
				CLANG_ENABLE_OBJC_ARC = YES;
				CLANG_ENABLE_OBJC_WEAK = YES;
				CLANG_WARN_BLOCK_CAPTURE_AUTORELEASING = YES;
				CLANG_WARN_BOOL_CONVERSION = YES;
				CLANG_WARN_COMMA = YES;
				CLANG_WARN_CONSTANT_CONVERSION = YES;
				CLANG_WARN_DEPRECATED_OBJC_IMPLEMENTATIONS = YES;
				CLANG_WARN_DIRECT_OBJC_ISA_USAGE = YES_ERROR;
				CLANG_WARN_DOCUMENTATION_COMMENTS = YES;
				CLANG_WARN_EMPTY_BODY = YES;
				CLANG_WARN_ENUM_CONVERSION = YES;
				CLANG_WARN_INFINITE_RECURSION = YES;
				CLANG_WARN_INT_CONVERSION = YES;
				CLANG_WARN_NON_LITERAL_NULL_CONVERSION = YES;
				CLANG_WARN_OBJC_IMPLICIT_RETAIN_SELF = YES;
				CLANG_WARN_OBJC_LITERAL_CONVERSION = YES;
				CLANG_WARN_OBJC_ROOT_CLASS = YES_ERROR;
				CLANG_WARN_QUOTED_INCLUDE_IN_FRAMEWORK_HEADER = YES;
				CLANG_WARN_RANGE_LOOP_ANALYSIS = YES;
				CLANG_WARN_STRICT_PROTOTYPES = YES;
				CLANG_WARN_SUSPICIOUS_MOVE = YES;
				CLANG_WARN_UNGUARDED_AVAILABILITY = YES_AGGRESSIVE;
				CLANG_WARN_UNREACHABLE_CODE = YES;
				CLANG_WARN__DUPLICATE_METHOD_MATCH = YES;
				COPY_PHASE_STRIP = NO;
				DEBUG_INFORMATION_FORMAT = dwarf;
				ENABLE_STRICT_OBJC_MSGSEND = YES;
				ENABLE_TESTABILITY = YES;
				GCC_C_LANGUAGE_STANDARD = gnu11;
				GCC_DYNAMIC_NO_PIC = NO;
				GCC_NO_COMMON_BLOCKS = YES;
				GCC_OPTIMIZATION_LEVEL = 0;
				GCC_PREPROCESSOR_DEFINITIONS = (
					"DEBUG=1",
					"$(inherited)",
				);
				GCC_WARN_64_TO_32_BIT_CONVERSION = YES;
				GCC_WARN_ABOUT_RETURN_TYPE = YES_ERROR;
				GCC_WARN_UNDECLARED_SELECTOR = YES;
				GCC_WARN_UNINITIALIZED_AUTOS = YES_AGGRESSIVE;
				GCC_WARN_UNUSED_FUNCTION = YES;
				GCC_WARN_UNUSED_VARIABLE = YES;
				IPHONEOS_DEPLOYMENT_TARGET = 14.5;
				MTL_ENABLE_DEBUG_INFO = INCLUDE_SOURCE;
				MTL_FAST_MATH = YES;
				ONLY_ACTIVE_ARCH = YES;
				SDKROOT = iphoneos;
				SWIFT_ACTIVE_COMPILATION_CONDITIONS = DEBUG;
				SWIFT_OPTIMIZATION_LEVEL = "-Onone";
			};
			name = Debug;
		};
		27305BC627268607006B1C28 /* Release */ = {
			isa = XCBuildConfiguration;
			buildSettings = {
				ALWAYS_SEARCH_USER_PATHS = NO;
				CLANG_ANALYZER_NONNULL = YES;
				CLANG_ANALYZER_NUMBER_OBJECT_CONVERSION = YES_AGGRESSIVE;
				CLANG_CXX_LANGUAGE_STANDARD = "gnu++14";
				CLANG_CXX_LIBRARY = "libc++";
				CLANG_ENABLE_MODULES = YES;
				CLANG_ENABLE_OBJC_ARC = YES;
				CLANG_ENABLE_OBJC_WEAK = YES;
				CLANG_WARN_BLOCK_CAPTURE_AUTORELEASING = YES;
				CLANG_WARN_BOOL_CONVERSION = YES;
				CLANG_WARN_COMMA = YES;
				CLANG_WARN_CONSTANT_CONVERSION = YES;
				CLANG_WARN_DEPRECATED_OBJC_IMPLEMENTATIONS = YES;
				CLANG_WARN_DIRECT_OBJC_ISA_USAGE = YES_ERROR;
				CLANG_WARN_DOCUMENTATION_COMMENTS = YES;
				CLANG_WARN_EMPTY_BODY = YES;
				CLANG_WARN_ENUM_CONVERSION = YES;
				CLANG_WARN_INFINITE_RECURSION = YES;
				CLANG_WARN_INT_CONVERSION = YES;
				CLANG_WARN_NON_LITERAL_NULL_CONVERSION = YES;
				CLANG_WARN_OBJC_IMPLICIT_RETAIN_SELF = YES;
				CLANG_WARN_OBJC_LITERAL_CONVERSION = YES;
				CLANG_WARN_OBJC_ROOT_CLASS = YES_ERROR;
				CLANG_WARN_QUOTED_INCLUDE_IN_FRAMEWORK_HEADER = YES;
				CLANG_WARN_RANGE_LOOP_ANALYSIS = YES;
				CLANG_WARN_STRICT_PROTOTYPES = YES;
				CLANG_WARN_SUSPICIOUS_MOVE = YES;
				CLANG_WARN_UNGUARDED_AVAILABILITY = YES_AGGRESSIVE;
				CLANG_WARN_UNREACHABLE_CODE = YES;
				CLANG_WARN__DUPLICATE_METHOD_MATCH = YES;
				COPY_PHASE_STRIP = NO;
				DEBUG_INFORMATION_FORMAT = "dwarf-with-dsym";
				ENABLE_NS_ASSERTIONS = NO;
				ENABLE_STRICT_OBJC_MSGSEND = YES;
				GCC_C_LANGUAGE_STANDARD = gnu11;
				GCC_NO_COMMON_BLOCKS = YES;
				GCC_WARN_64_TO_32_BIT_CONVERSION = YES;
				GCC_WARN_ABOUT_RETURN_TYPE = YES_ERROR;
				GCC_WARN_UNDECLARED_SELECTOR = YES;
				GCC_WARN_UNINITIALIZED_AUTOS = YES_AGGRESSIVE;
				GCC_WARN_UNUSED_FUNCTION = YES;
				GCC_WARN_UNUSED_VARIABLE = YES;
				IPHONEOS_DEPLOYMENT_TARGET = 14.5;
				MTL_ENABLE_DEBUG_INFO = NO;
				MTL_FAST_MATH = YES;
				SDKROOT = iphoneos;
				SWIFT_COMPILATION_MODE = wholemodule;
				SWIFT_OPTIMIZATION_LEVEL = "-O";
				VALIDATE_PRODUCT = YES;
			};
			name = Release;
		};
		27305BC827268607006B1C28 /* Debug */ = {
			isa = XCBuildConfiguration;
			buildSettings = {
				ASSETCATALOG_COMPILER_APPICON_NAME = AppIcon;
				ASSETCATALOG_COMPILER_GLOBAL_ACCENT_COLOR_NAME = AccentColor;
				CODE_SIGN_STYLE = Automatic;
				DEVELOPMENT_TEAM = 6AGFQ96A5N;
				INFOPLIST_FILE = "WorldTrotter-“Mohammed_ALatawi”-iter1/Info.plist";
				LD_RUNPATH_SEARCH_PATHS = (
					"$(inherited)",
					"@executable_path/Frameworks",
				);
				PRODUCT_BUNDLE_IDENTIFIER = "com.mohammed.WorldTrotter--Mohammed-ALatawi--iter1";
				PRODUCT_NAME = "$(TARGET_NAME)";
				SWIFT_VERSION = 5.0;
				TARGETED_DEVICE_FAMILY = "1,2";
			};
			name = Debug;
		};
		27305BC927268607006B1C28 /* Release */ = {
			isa = XCBuildConfiguration;
			buildSettings = {
				ASSETCATALOG_COMPILER_APPICON_NAME = AppIcon;
				ASSETCATALOG_COMPILER_GLOBAL_ACCENT_COLOR_NAME = AccentColor;
				CODE_SIGN_STYLE = Automatic;
				DEVELOPMENT_TEAM = 6AGFQ96A5N;
				INFOPLIST_FILE = "WorldTrotter-“Mohammed_ALatawi”-iter1/Info.plist";
				LD_RUNPATH_SEARCH_PATHS = (
					"$(inherited)",
					"@executable_path/Frameworks",
				);
				PRODUCT_BUNDLE_IDENTIFIER = "com.mohammed.WorldTrotter--Mohammed-ALatawi--iter1";
				PRODUCT_NAME = "$(TARGET_NAME)";
				SWIFT_VERSION = 5.0;
				TARGETED_DEVICE_FAMILY = "1,2";
			};
			name = Release;
		};
/* End XCBuildConfiguration section */

/* Begin XCConfigurationList section */
		27305BAE27268606006B1C28 /* Build configuration list for PBXProject "WorldTrotter-“Mohammed_ALatawi”-iter4" */ = {
			isa = XCConfigurationList;
			buildConfigurations = (
				27305BC527268607006B1C28 /* Debug */,
				27305BC627268607006B1C28 /* Release */,
			);
			defaultConfigurationIsVisible = 0;
			defaultConfigurationName = Release;
		};
		27305BC727268607006B1C28 /* Build configuration list for PBXNativeTarget "WorldTrotter-“Mohammed_ALatawi”-iter1" */ = {
			isa = XCConfigurationList;
			buildConfigurations = (
				27305BC827268607006B1C28 /* Debug */,
				27305BC927268607006B1C28 /* Release */,
			);
			defaultConfigurationIsVisible = 0;
			defaultConfigurationName = Release;
		};
/* End XCConfigurationList section */
	};
	rootObject = 27305BAB27268606006B1C28 /* Project object */;
}
