// !$*UTF8*$!
{
	archiveVersion = 1;
	classes = {
	};
	objectVersion = 50;
	objects = {

/* Begin PBXBuildFile section */
		D01D35B1273000410069C0DB /* MapViewController.swift in Sources */ = {isa = PBXBuildFile; fileRef = D01D35B0273000410069C0DB /* MapViewController.swift */; };
		D01D35B3273076E00069C0DB /* ConversionViweController.swift in Sources */ = {isa = PBXBuildFile; fileRef = D01D35B2273076E00069C0DB /* ConversionViweController.swift */; };
		D0FD7628272686A600AF7493 /* AppDelegate.swift in Sources */ = {isa = PBXBuildFile; fileRef = D0FD7627272686A600AF7493 /* AppDelegate.swift */; };
		D0FD762A272686A600AF7493 /* SceneDelegate.swift in Sources */ = {isa = PBXBuildFile; fileRef = D0FD7629272686A600AF7493 /* SceneDelegate.swift */; };
		D0FD762C272686A600AF7493 /* ViewController.swift in Sources */ = {isa = PBXBuildFile; fileRef = D0FD762B272686A600AF7493 /* ViewController.swift */; };
		D0FD762F272686A600AF7493 /* Main.storyboard in Resources */ = {isa = PBXBuildFile; fileRef = D0FD762D272686A600AF7493 /* Main.storyboard */; };
		D0FD7631272686A700AF7493 /* Assets.xcassets in Resources */ = {isa = PBXBuildFile; fileRef = D0FD7630272686A700AF7493 /* Assets.xcassets */; };
		D0FD7634272686A700AF7493 /* LaunchScreen.storyboard in Resources */ = {isa = PBXBuildFile; fileRef = D0FD7632272686A700AF7493 /* LaunchScreen.storyboard */; };
/* End PBXBuildFile section */

/* Begin PBXFileReference section */
		D01D35B0273000410069C0DB /* MapViewController.swift */ = {isa = PBXFileReference; fileEncoding = 4; lastKnownFileType = sourcecode.swift; path = MapViewController.swift; sourceTree = "<group>"; };
		D01D35B2273076E00069C0DB /* ConversionViweController.swift */ = {isa = PBXFileReference; lastKnownFileType = sourcecode.swift; path = ConversionViweController.swift; sourceTree = "<group>"; };
		D0FD7624272686A600AF7493 /* WorldTrotter-Danah_Maher-iter1.app */ = {isa = PBXFileReference; explicitFileType = wrapper.application; includeInIndex = 0; path = "WorldTrotter-Danah_Maher-iter1.app"; sourceTree = BUILT_PRODUCTS_DIR; };
		D0FD7627272686A600AF7493 /* AppDelegate.swift */ = {isa = PBXFileReference; lastKnownFileType = sourcecode.swift; path = AppDelegate.swift; sourceTree = "<group>"; };
		D0FD7629272686A600AF7493 /* SceneDelegate.swift */ = {isa = PBXFileReference; lastKnownFileType = sourcecode.swift; path = SceneDelegate.swift; sourceTree = "<group>"; };
		D0FD762B272686A600AF7493 /* ViewController.swift */ = {isa = PBXFileReference; lastKnownFileType = sourcecode.swift; path = ViewController.swift; sourceTree = "<group>"; };
		D0FD762E272686A600AF7493 /* Base */ = {isa = PBXFileReference; lastKnownFileType = file.storyboard; name = Base; path = Base.lproj/Main.storyboard; sourceTree = "<group>"; };
		D0FD7630272686A700AF7493 /* Assets.xcassets */ = {isa = PBXFileReference; lastKnownFileType = folder.assetcatalog; path = Assets.xcassets; sourceTree = "<group>"; };
		D0FD7633272686A700AF7493 /* Base */ = {isa = PBXFileReference; lastKnownFileType = file.storyboard; name = Base; path = Base.lproj/LaunchScreen.storyboard; sourceTree = "<group>"; };
		D0FD7635272686A700AF7493 /* Info.plist */ = {isa = PBXFileReference; lastKnownFileType = text.plist.xml; path = Info.plist; sourceTree = "<group>"; };
/* End PBXFileReference section */

/* Begin PBXFrameworksBuildPhase section */
		D0FD7621272686A600AF7493 /* Frameworks */ = {
			isa = PBXFrameworksBuildPhase;
			buildActionMask = 2147483647;
			files = (
			);
			runOnlyForDeploymentPostprocessing = 0;
		};
/* End PBXFrameworksBuildPhase section */

/* Begin PBXGroup section */
		D05FAEA42733F08E00CFCD12 /* Controller */ = {
			isa = PBXGroup;
			children = (
				D01D35B0273000410069C0DB /* MapViewController.swift */,
				D0FD762B272686A600AF7493 /* ViewController.swift */,
			);
			path = Controller;
			sourceTree = "<group>";
		};
		D0FD761B272686A600AF7493 = {
			isa = PBXGroup;
			children = (
				D0FD7626272686A600AF7493 /* WorldTrotter-Danah_Maher-iter1 */,
				D0FD7625272686A600AF7493 /* Products */,
			);
			sourceTree = "<group>";
		};
		D0FD7625272686A600AF7493 /* Products */ = {
			isa = PBXGroup;
			children = (
				D0FD7624272686A600AF7493 /* WorldTrotter-Danah_Maher-iter1.app */,
			);
			name = Products;
			sourceTree = "<group>";
		};
		D0FD7626272686A600AF7493 /* WorldTrotter-Danah_Maher-iter1 */ = {
			isa = PBXGroup;
			children = (
				D0FD7627272686A600AF7493 /* AppDelegate.swift */,
				D0FD7629272686A600AF7493 /* SceneDelegate.swift */,
				D05FAEA42733F08E00CFCD12 /* Controller */,
				D0FD762D272686A600AF7493 /* Main.storyboard */,
				D01D35B2273076E00069C0DB /* ConversionViweController.swift */,
				D0FD7630272686A700AF7493 /* Assets.xcassets */,
				D0FD7632272686A700AF7493 /* LaunchScreen.storyboard */,
				D0FD7635272686A700AF7493 /* Info.plist */,
			);
			path = "WorldTrotter-Danah_Maher-iter1";
			sourceTree = "<group>";
		};
/* End PBXGroup section */

/* Begin PBXNativeTarget section */
		D0FD7623272686A600AF7493 /* WorldTrotter-Danah_Maher-iter1 */ = {
			isa = PBXNativeTarget;
			buildConfigurationList = D0FD7638272686A700AF7493 /* Build configuration list for PBXNativeTarget "WorldTrotter-Danah_Maher-iter1" */;
			buildPhases = (
				D0FD7620272686A600AF7493 /* Sources */,
				D0FD7621272686A600AF7493 /* Frameworks */,
				D0FD7622272686A600AF7493 /* Resources */,
			);
			buildRules = (
			);
			dependencies = (
			);
			name = "WorldTrotter-Danah_Maher-iter1";
			productName = "WorldTrotter-Danah_Maher-iter1";
			productReference = D0FD7624272686A600AF7493 /* WorldTrotter-Danah_Maher-iter1.app */;
			productType = "com.apple.product-type.application";
		};
/* End PBXNativeTarget section */

/* Begin PBXProject section */
		D0FD761C272686A600AF7493 /* Project object */ = {
			isa = PBXProject;
			attributes = {
				LastSwiftUpdateCheck = 1250;
				LastUpgradeCheck = 1250;
				TargetAttributes = {
					D0FD7623272686A600AF7493 = {
						CreatedOnToolsVersion = 12.5;
					};
				};
			};
			buildConfigurationList = D0FD761F272686A600AF7493 /* Build configuration list for PBXProject "WorldTrotter-Danah_Maher-iter5-genetics-bronze" */;
			compatibilityVersion = "Xcode 9.3";
			developmentRegion = en;
			hasScannedForEncodings = 0;
			knownRegions = (
				en,
				Base,
			);
			mainGroup = D0FD761B272686A600AF7493;
			productRefGroup = D0FD7625272686A600AF7493 /* Products */;
			projectDirPath = "";
			projectRoot = "";
			targets = (
				D0FD7623272686A600AF7493 /* WorldTrotter-Danah_Maher-iter1 */,
			);
		};
/* End PBXProject section */

/* Begin PBXResourcesBuildPhase section */
		D0FD7622272686A600AF7493 /* Resources */ = {
			isa = PBXResourcesBuildPhase;
			buildActionMask = 2147483647;
			files = (
				D0FD7634272686A700AF7493 /* LaunchScreen.storyboard in Resources */,
				D0FD7631272686A700AF7493 /* Assets.xcassets in Resources */,
				D0FD762F272686A600AF7493 /* Main.storyboard in Resources */,
			);
			runOnlyForDeploymentPostprocessing = 0;
		};
/* End PBXResourcesBuildPhase section */

/* Begin PBXSourcesBuildPhase section */
		D0FD7620272686A600AF7493 /* Sources */ = {
			isa = PBXSourcesBuildPhase;
			buildActionMask = 2147483647;
			files = (
				D01D35B3273076E00069C0DB /* ConversionViweController.swift in Sources */,
				D0FD762C272686A600AF7493 /* ViewController.swift in Sources */,
				D0FD7628272686A600AF7493 /* AppDelegate.swift in Sources */,
				D0FD762A272686A600AF7493 /* SceneDelegate.swift in Sources */,
				D01D35B1273000410069C0DB /* MapViewController.swift in Sources */,
			);
			runOnlyForDeploymentPostprocessing = 0;
		};
/* End PBXSourcesBuildPhase section */

/* Begin PBXVariantGroup section */
		D0FD762D272686A600AF7493 /* Main.storyboard */ = {
			isa = PBXVariantGroup;
			children = (
				D0FD762E272686A600AF7493 /* Base */,
			);
			name = Main.storyboard;
			sourceTree = "<group>";
		};
		D0FD7632272686A700AF7493 /* LaunchScreen.storyboard */ = {
			isa = PBXVariantGroup;
			children = (
				D0FD7633272686A700AF7493 /* Base */,
			);
			name = LaunchScreen.storyboard;
			sourceTree = "<group>";
		};
/* End PBXVariantGroup section */

/* Begin XCBuildConfiguration section */
		D0FD7636272686A700AF7493 /* Debug */ = {
			isa = XCBuildConfiguration;
			buildSettings = {
				ALWAYS_SEARCH_USER_PATHS = NO;
				CLANG_ANALYZER_NONNULL = YES;
				CLANG_ANALYZER_NUMBER_OBJECT_CONVERSION = YES_AGGRESSIVE;
				CLANG_CXX_LANGUAGE_STANDARD = "gnu++14";
				CLANG_CXX_LIBRARY = "libc++";
				CLANG_ENABLE_MODULES = YES;
				CLANG_ENABLE_OBJC_ARC = YES;
				CLANG_ENABLE_OBJC_WEAK = YES;
				CLANG_WARN_BLOCK_CAPTURE_AUTORELEASING = YES;
				CLANG_WARN_BOOL_CONVERSION = YES;
				CLANG_WARN_COMMA = YES;
				CLANG_WARN_CONSTANT_CONVERSION = YES;
				CLANG_WARN_DEPRECATED_OBJC_IMPLEMENTATIONS = YES;
				CLANG_WARN_DIRECT_OBJC_ISA_USAGE = YES_ERROR;
				CLANG_WARN_DOCUMENTATION_COMMENTS = YES;
				CLANG_WARN_EMPTY_BODY = YES;
				CLANG_WARN_ENUM_CONVERSION = YES;
				CLANG_WARN_INFINITE_RECURSION = YES;
				CLANG_WARN_INT_CONVERSION = YES;
				CLANG_WARN_NON_LITERAL_NULL_CONVERSION = YES;
				CLANG_WARN_OBJC_IMPLICIT_RETAIN_SELF = YES;
				CLANG_WARN_OBJC_LITERAL_CONVERSION = YES;
				CLANG_WARN_OBJC_ROOT_CLASS = YES_ERROR;
				CLANG_WARN_QUOTED_INCLUDE_IN_FRAMEWORK_HEADER = YES;
				CLANG_WARN_RANGE_LOOP_ANALYSIS = YES;
				CLANG_WARN_STRICT_PROTOTYPES = YES;
				CLANG_WARN_SUSPICIOUS_MOVE = YES;
				CLANG_WARN_UNGUARDED_AVAILABILITY = YES_AGGRESSIVE;
				CLANG_WARN_UNREACHABLE_CODE = YES;
				CLANG_WARN__DUPLICATE_METHOD_MATCH = YES;
				COPY_PHASE_STRIP = NO;
				DEBUG_INFORMATION_FORMAT = dwarf;
				ENABLE_STRICT_OBJC_MSGSEND = YES;
				ENABLE_TESTABILITY = YES;
				GCC_C_LANGUAGE_STANDARD = gnu11;
				GCC_DYNAMIC_NO_PIC = NO;
				GCC_NO_COMMON_BLOCKS = YES;
				GCC_OPTIMIZATION_LEVEL = 0;
				GCC_PREPROCESSOR_DEFINITIONS = (
					"DEBUG=1",
					"$(inherited)",
				);
				GCC_WARN_64_TO_32_BIT_CONVERSION = YES;
				GCC_WARN_ABOUT_RETURN_TYPE = YES_ERROR;
				GCC_WARN_UNDECLARED_SELECTOR = YES;
				GCC_WARN_UNINITIALIZED_AUTOS = YES_AGGRESSIVE;
				GCC_WARN_UNUSED_FUNCTION = YES;
				GCC_WARN_UNUSED_VARIABLE = YES;
				IPHONEOS_DEPLOYMENT_TARGET = 14.5;
				MTL_ENABLE_DEBUG_INFO = INCLUDE_SOURCE;
				MTL_FAST_MATH = YES;
				ONLY_ACTIVE_ARCH = YES;
				SDKROOT = iphoneos;
				SWIFT_ACTIVE_COMPILATION_CONDITIONS = DEBUG;
				SWIFT_OPTIMIZATION_LEVEL = "-Onone";
			};
			name = Debug;
		};
		D0FD7637272686A700AF7493 /* Release */ = {
			isa = XCBuildConfiguration;
			buildSettings = {
				ALWAYS_SEARCH_USER_PATHS = NO;
				CLANG_ANALYZER_NONNULL = YES;
				CLANG_ANALYZER_NUMBER_OBJECT_CONVERSION = YES_AGGRESSIVE;
				CLANG_CXX_LANGUAGE_STANDARD = "gnu++14";
				CLANG_CXX_LIBRARY = "libc++";
				CLANG_ENABLE_MODULES = YES;
				CLANG_ENABLE_OBJC_ARC = YES;
				CLANG_ENABLE_OBJC_WEAK = YES;
				CLANG_WARN_BLOCK_CAPTURE_AUTORELEASING = YES;
				CLANG_WARN_BOOL_CONVERSION = YES;
				CLANG_WARN_COMMA = YES;
				CLANG_WARN_CONSTANT_CONVERSION = YES;
				CLANG_WARN_DEPRECATED_OBJC_IMPLEMENTATIONS = YES;
				CLANG_WARN_DIRECT_OBJC_ISA_USAGE = YES_ERROR;
				CLANG_WARN_DOCUMENTATION_COMMENTS = YES;
				CLANG_WARN_EMPTY_BODY = YES;
				CLANG_WARN_ENUM_CONVERSION = YES;
				CLANG_WARN_INFINITE_RECURSION = YES;
				CLANG_WARN_INT_CONVERSION = YES;
				CLANG_WARN_NON_LITERAL_NULL_CONVERSION = YES;
				CLANG_WARN_OBJC_IMPLICIT_RETAIN_SELF = YES;
				CLANG_WARN_OBJC_LITERAL_CONVERSION = YES;
				CLANG_WARN_OBJC_ROOT_CLASS = YES_ERROR;
				CLANG_WARN_QUOTED_INCLUDE_IN_FRAMEWORK_HEADER = YES;
				CLANG_WARN_RANGE_LOOP_ANALYSIS = YES;
				CLANG_WARN_STRICT_PROTOTYPES = YES;
				CLANG_WARN_SUSPICIOUS_MOVE = YES;
				CLANG_WARN_UNGUARDED_AVAILABILITY = YES_AGGRESSIVE;
				CLANG_WARN_UNREACHABLE_CODE = YES;
				CLANG_WARN__DUPLICATE_METHOD_MATCH = YES;
				COPY_PHASE_STRIP = NO;
				DEBUG_INFORMATION_FORMAT = "dwarf-with-dsym";
				ENABLE_NS_ASSERTIONS = NO;
				ENABLE_STRICT_OBJC_MSGSEND = YES;
				GCC_C_LANGUAGE_STANDARD = gnu11;
				GCC_NO_COMMON_BLOCKS = YES;
				GCC_WARN_64_TO_32_BIT_CONVERSION = YES;
				GCC_WARN_ABOUT_RETURN_TYPE = YES_ERROR;
				GCC_WARN_UNDECLARED_SELECTOR = YES;
				GCC_WARN_UNINITIALIZED_AUTOS = YES_AGGRESSIVE;
				GCC_WARN_UNUSED_FUNCTION = YES;
				GCC_WARN_UNUSED_VARIABLE = YES;
				IPHONEOS_DEPLOYMENT_TARGET = 14.5;
				MTL_ENABLE_DEBUG_INFO = NO;
				MTL_FAST_MATH = YES;
				SDKROOT = iphoneos;
				SWIFT_COMPILATION_MODE = wholemodule;
				SWIFT_OPTIMIZATION_LEVEL = "-O";
				VALIDATE_PRODUCT = YES;
			};
			name = Release;
		};
		D0FD7639272686A700AF7493 /* Debug */ = {
			isa = XCBuildConfiguration;
			buildSettings = {
				ASSETCATALOG_COMPILER_APPICON_NAME = AppIcon;
				ASSETCATALOG_COMPILER_GLOBAL_ACCENT_COLOR_NAME = AccentColor;
				CODE_SIGN_STYLE = Automatic;
				DEVELOPMENT_TEAM = Z8U674F97U;
				INFOPLIST_FILE = "WorldTrotter-Danah_Maher-iter1/Info.plist";
				LD_RUNPATH_SEARCH_PATHS = (
					"$(inherited)",
					"@executable_path/Frameworks",
				);
				PRODUCT_BUNDLE_IDENTIFIER = "com.danah.WorldTrotter-Danah-Maher-iter1";
				PRODUCT_NAME = "$(TARGET_NAME)";
				SWIFT_VERSION = 5.0;
				TARGETED_DEVICE_FAMILY = "1,2";
			};
			name = Debug;
		};
		D0FD763A272686A700AF7493 /* Release */ = {
			isa = XCBuildConfiguration;
			buildSettings = {
				ASSETCATALOG_COMPILER_APPICON_NAME = AppIcon;
				ASSETCATALOG_COMPILER_GLOBAL_ACCENT_COLOR_NAME = AccentColor;
				CODE_SIGN_STYLE = Automatic;
				DEVELOPMENT_TEAM = Z8U674F97U;
				INFOPLIST_FILE = "WorldTrotter-Danah_Maher-iter1/Info.plist";
				LD_RUNPATH_SEARCH_PATHS = (
					"$(inherited)",
					"@executable_path/Frameworks",
				);
				PRODUCT_BUNDLE_IDENTIFIER = "com.danah.WorldTrotter-Danah-Maher-iter1";
				PRODUCT_NAME = "$(TARGET_NAME)";
				SWIFT_VERSION = 5.0;
				TARGETED_DEVICE_FAMILY = "1,2";
			};
			name = Release;
		};
/* End XCBuildConfiguration section */

/* Begin XCConfigurationList section */
		D0FD761F272686A600AF7493 /* Build configuration list for PBXProject "WorldTrotter-Danah_Maher-iter5-genetics-bronze" */ = {
			isa = XCConfigurationList;
			buildConfigurations = (
				D0FD7636272686A700AF7493 /* Debug */,
				D0FD7637272686A700AF7493 /* Release */,
			);
			defaultConfigurationIsVisible = 0;
			defaultConfigurationName = Release;
		};
		D0FD7638272686A700AF7493 /* Build configuration list for PBXNativeTarget "WorldTrotter-Danah_Maher-iter1" */ = {
			isa = XCConfigurationList;
			buildConfigurations = (
				D0FD7639272686A700AF7493 /* Debug */,
				D0FD763A272686A700AF7493 /* Release */,
			);
			defaultConfigurationIsVisible = 0;
			defaultConfigurationName = Release;
		};
/* End XCConfigurationList section */
	};
	rootObject = D0FD761C272686A600AF7493 /* Project object */;
}
