// !$*UTF8*$!
{
	archiveVersion = 1;
	classes = {
	};
	objectVersion = 50;
	objects = {

/* Begin PBXBuildFile section */
		BF13686E27283608004DFD8B /* MapViewController.swift in Sources */ = {isa = PBXBuildFile; fileRef = BF13686D27283608004DFD8B /* MapViewController.swift */; };
		BF2D1E6E2728AD4600ADBF23 /* QuizViewController.swift in Sources */ = {isa = PBXBuildFile; fileRef = BF2D1E6D2728AD4600ADBF23 /* QuizViewController.swift */; };
		BF2D1E702728AD5F00ADBF23 /* QuestionManager.swift in Sources */ = {isa = PBXBuildFile; fileRef = BF2D1E6F2728AD5F00ADBF23 /* QuestionManager.swift */; };
		BF2D1E722728AD6700ADBF23 /* Question.swift in Sources */ = {isa = PBXBuildFile; fileRef = BF2D1E712728AD6700ADBF23 /* Question.swift */; };
		BF3074C92726912E00D855C2 /* AppDelegate.swift in Sources */ = {isa = PBXBuildFile; fileRef = BF3074C82726912E00D855C2 /* AppDelegate.swift */; };
		BF3074CB2726912E00D855C2 /* SceneDelegate.swift in Sources */ = {isa = PBXBuildFile; fileRef = BF3074CA2726912E00D855C2 /* SceneDelegate.swift */; };
		BF3074D02726912E00D855C2 /* Main.storyboard in Resources */ = {isa = PBXBuildFile; fileRef = BF3074CE2726912E00D855C2 /* Main.storyboard */; };
		BF3074D22726912F00D855C2 /* Assets.xcassets in Resources */ = {isa = PBXBuildFile; fileRef = BF3074D12726912F00D855C2 /* Assets.xcassets */; };
		BF3074D52726912F00D855C2 /* LaunchScreen.storyboard in Resources */ = {isa = PBXBuildFile; fileRef = BF3074D32726912F00D855C2 /* LaunchScreen.storyboard */; };
		BF36B9D7272FCBDD0012238E /* UIColor+Ext.swift in Sources */ = {isa = PBXBuildFile; fileRef = BF36B9D6272FCBDD0012238E /* UIColor+Ext.swift */; };
		BF36B9D9272FCCEF0012238E /* CMLabel.swift in Sources */ = {isa = PBXBuildFile; fileRef = BF36B9D8272FCCEF0012238E /* CMLabel.swift */; };
		BF36B9DB272FCE2E0012238E /* ConversionViewController.swift in Sources */ = {isa = PBXBuildFile; fileRef = BF36B9DA272FCE2E0012238E /* ConversionViewController.swift */; };
		BF6D237C272E76E3008BAEA9 /* clapping.mp3 in Resources */ = {isa = PBXBuildFile; fileRef = BF6D237B272E76E3008BAEA9 /* clapping.mp3 */; };
/* End PBXBuildFile section */

/* Begin PBXFileReference section */
		BF13686D27283608004DFD8B /* MapViewController.swift */ = {isa = PBXFileReference; lastKnownFileType = sourcecode.swift; path = MapViewController.swift; sourceTree = "<group>"; };
		BF2D1E6D2728AD4600ADBF23 /* QuizViewController.swift */ = {isa = PBXFileReference; fileEncoding = 4; lastKnownFileType = sourcecode.swift; path = QuizViewController.swift; sourceTree = "<group>"; };
		BF2D1E6F2728AD5F00ADBF23 /* QuestionManager.swift */ = {isa = PBXFileReference; fileEncoding = 4; lastKnownFileType = sourcecode.swift; path = QuestionManager.swift; sourceTree = "<group>"; };
		BF2D1E712728AD6700ADBF23 /* Question.swift */ = {isa = PBXFileReference; fileEncoding = 4; lastKnownFileType = sourcecode.swift; path = Question.swift; sourceTree = "<group>"; };
		BF3074C52726912E00D855C2 /* WorldTrotter-“-iter2.app */ = {isa = PBXFileReference; explicitFileType = wrapper.application; includeInIndex = 0; path = "WorldTrotter-“-iter2.app"; sourceTree = BUILT_PRODUCTS_DIR; };
		BF3074C82726912E00D855C2 /* AppDelegate.swift */ = {isa = PBXFileReference; lastKnownFileType = sourcecode.swift; path = AppDelegate.swift; sourceTree = "<group>"; };
		BF3074CA2726912E00D855C2 /* SceneDelegate.swift */ = {isa = PBXFileReference; lastKnownFileType = sourcecode.swift; path = SceneDelegate.swift; sourceTree = "<group>"; };
		BF3074CF2726912E00D855C2 /* Base */ = {isa = PBXFileReference; lastKnownFileType = file.storyboard; name = Base; path = Base.lproj/Main.storyboard; sourceTree = "<group>"; };
		BF3074D12726912F00D855C2 /* Assets.xcassets */ = {isa = PBXFileReference; lastKnownFileType = folder.assetcatalog; path = Assets.xcassets; sourceTree = "<group>"; };
		BF3074D42726912F00D855C2 /* Base */ = {isa = PBXFileReference; lastKnownFileType = file.storyboard; name = Base; path = Base.lproj/LaunchScreen.storyboard; sourceTree = "<group>"; };
		BF3074D62726912F00D855C2 /* Info.plist */ = {isa = PBXFileReference; lastKnownFileType = text.plist.xml; path = Info.plist; sourceTree = "<group>"; };
		BF36B9D6272FCBDD0012238E /* UIColor+Ext.swift */ = {isa = PBXFileReference; lastKnownFileType = sourcecode.swift; path = "UIColor+Ext.swift"; sourceTree = "<group>"; };
		BF36B9D8272FCCEF0012238E /* CMLabel.swift */ = {isa = PBXFileReference; lastKnownFileType = sourcecode.swift; path = CMLabel.swift; sourceTree = "<group>"; };
		BF36B9DA272FCE2E0012238E /* ConversionViewController.swift */ = {isa = PBXFileReference; lastKnownFileType = sourcecode.swift; path = ConversionViewController.swift; sourceTree = "<group>"; };
		BF6D237B272E76E3008BAEA9 /* clapping.mp3 */ = {isa = PBXFileReference; lastKnownFileType = audio.mp3; path = clapping.mp3; sourceTree = "<group>"; };
/* End PBXFileReference section */

/* Begin PBXFrameworksBuildPhase section */
		BF3074C22726912E00D855C2 /* Frameworks */ = {
			isa = PBXFrameworksBuildPhase;
			buildActionMask = 2147483647;
			files = (
			);
			runOnlyForDeploymentPostprocessing = 0;
		};
/* End PBXFrameworksBuildPhase section */

/* Begin PBXGroup section */
		BF3074BC2726912E00D855C2 = {
			isa = PBXGroup;
			children = (
				BF3074C72726912E00D855C2 /* WorldTrotter-“-iter2 */,
				BF3074C62726912E00D855C2 /* Products */,
			);
			sourceTree = "<group>";
		};
		BF3074C62726912E00D855C2 /* Products */ = {
			isa = PBXGroup;
			children = (
				BF3074C52726912E00D855C2 /* WorldTrotter-“-iter2.app */,
			);
			name = Products;
			sourceTree = "<group>";
		};
		BF3074C72726912E00D855C2 /* WorldTrotter-“-iter2 */ = {
			isa = PBXGroup;
			children = (
				BFA7D74F272924A300EB2562 /* QuizViewController */,
				BFA7D74E2729248600EB2562 /* Map Group */,
				BF36B9D3272FCA210012238E /* views */,
				BF36B9D4272FCA760012238E /* Custom_Views */,
				BF36B9D5272FCAB50012238E /* Extension */,
				BF3074D32726912F00D855C2 /* LaunchScreen.storyboard */,
				BF3074D12726912F00D855C2 /* Assets.xcassets */,
				BF3074D62726912F00D855C2 /* Info.plist */,
			);
			path = "WorldTrotter-“-iter2";
			sourceTree = "<group>";
		};
		BF36B9D3272FCA210012238E /* views */ = {
			isa = PBXGroup;
			children = (
				BF36B9DA272FCE2E0012238E /* ConversionViewController.swift */,
				BF3074CE2726912E00D855C2 /* Main.storyboard */,
				BF3074C82726912E00D855C2 /* AppDelegate.swift */,
				BF3074CA2726912E00D855C2 /* SceneDelegate.swift */,
			);
			path = views;
			sourceTree = "<group>";
		};
		BF36B9D4272FCA760012238E /* Custom_Views */ = {
			isa = PBXGroup;
			children = (
				BF36B9D8272FCCEF0012238E /* CMLabel.swift */,
			);
			path = Custom_Views;
			sourceTree = "<group>";
		};
		BF36B9D5272FCAB50012238E /* Extension */ = {
			isa = PBXGroup;
			children = (
				BF36B9D6272FCBDD0012238E /* UIColor+Ext.swift */,
			);
			path = Extension;
			sourceTree = "<group>";
		};
		BF6D237D272E7702008BAEA9 /* Sound */ = {
			isa = PBXGroup;
			children = (
				BF6D237B272E76E3008BAEA9 /* clapping.mp3 */,
			);
			path = Sound;
			sourceTree = "<group>";
		};
		BFA7D74E2729248600EB2562 /* Map Group */ = {
			isa = PBXGroup;
			children = (
				BF13686D27283608004DFD8B /* MapViewController.swift */,
			);
			path = "Map Group";
			sourceTree = "<group>";
		};
		BFA7D74F272924A300EB2562 /* QuizViewController */ = {
			isa = PBXGroup;
			children = (
				BF2D1E6D2728AD4600ADBF23 /* QuizViewController.swift */,
				BF2D1E6F2728AD5F00ADBF23 /* QuestionManager.swift */,
				BF2D1E712728AD6700ADBF23 /* Question.swift */,
				BF6D237D272E7702008BAEA9 /* Sound */,
			);
			path = QuizViewController;
			sourceTree = "<group>";
		};
/* End PBXGroup section */

/* Begin PBXNativeTarget section */
		BF3074C42726912E00D855C2 /* WorldTrotter-“-iter2 */ = {
			isa = PBXNativeTarget;
			buildConfigurationList = BF3074D92726912F00D855C2 /* Build configuration list for PBXNativeTarget "WorldTrotter-“-iter2" */;
			buildPhases = (
				BF3074C12726912E00D855C2 /* Sources */,
				BF3074C22726912E00D855C2 /* Frameworks */,
				BF3074C32726912E00D855C2 /* Resources */,
			);
			buildRules = (
			);
			dependencies = (
			);
			name = "WorldTrotter-“-iter2";
			productName = "WorldTrotter-“-iter2";
			productReference = BF3074C52726912E00D855C2 /* WorldTrotter-“-iter2.app */;
			productType = "com.apple.product-type.application";
		};
/* End PBXNativeTarget section */

/* Begin PBXProject section */
		BF3074BD2726912E00D855C2 /* Project object */ = {
			isa = PBXProject;
			attributes = {
				LastSwiftUpdateCheck = 1250;
				LastUpgradeCheck = 1250;
				TargetAttributes = {
					BF3074C42726912E00D855C2 = {
						CreatedOnToolsVersion = 12.5;
					};
				};
			};
			buildConfigurationList = BF3074C02726912E00D855C2 /* Build configuration list for PBXProject "WorldTrotter-“-iter1 Sliver-RAWABI- CP5bronz and slver " */;
			compatibilityVersion = "Xcode 9.3";
			developmentRegion = en;
			hasScannedForEncodings = 0;
			knownRegions = (
				en,
				Base,
			);
			mainGroup = BF3074BC2726912E00D855C2;
			productRefGroup = BF3074C62726912E00D855C2 /* Products */;
			projectDirPath = "";
			projectRoot = "";
			targets = (
				BF3074C42726912E00D855C2 /* WorldTrotter-“-iter2 */,
			);
		};
/* End PBXProject section */

/* Begin PBXResourcesBuildPhase section */
		BF3074C32726912E00D855C2 /* Resources */ = {
			isa = PBXResourcesBuildPhase;
			buildActionMask = 2147483647;
			files = (
				BF6D237C272E76E3008BAEA9 /* clapping.mp3 in Resources */,
				BF3074D52726912F00D855C2 /* LaunchScreen.storyboard in Resources */,
				BF3074D22726912F00D855C2 /* Assets.xcassets in Resources */,
				BF3074D02726912E00D855C2 /* Main.storyboard in Resources */,
			);
			runOnlyForDeploymentPostprocessing = 0;
		};
/* End PBXResourcesBuildPhase section */

/* Begin PBXSourcesBuildPhase section */
		BF3074C12726912E00D855C2 /* Sources */ = {
			isa = PBXSourcesBuildPhase;
			buildActionMask = 2147483647;
			files = (
				BF2D1E6E2728AD4600ADBF23 /* QuizViewController.swift in Sources */,
				BF3074C92726912E00D855C2 /* AppDelegate.swift in Sources */,
				BF36B9D9272FCCEF0012238E /* CMLabel.swift in Sources */,
				BF3074CB2726912E00D855C2 /* SceneDelegate.swift in Sources */,
				BF13686E27283608004DFD8B /* MapViewController.swift in Sources */,
				BF36B9DB272FCE2E0012238E /* ConversionViewController.swift in Sources */,
				BF36B9D7272FCBDD0012238E /* UIColor+Ext.swift in Sources */,
				BF2D1E722728AD6700ADBF23 /* Question.swift in Sources */,
				BF2D1E702728AD5F00ADBF23 /* QuestionManager.swift in Sources */,
			);
			runOnlyForDeploymentPostprocessing = 0;
		};
/* End PBXSourcesBuildPhase section */

/* Begin PBXVariantGroup section */
		BF3074CE2726912E00D855C2 /* Main.storyboard */ = {
			isa = PBXVariantGroup;
			children = (
				BF3074CF2726912E00D855C2 /* Base */,
			);
			name = Main.storyboard;
			sourceTree = "<group>";
		};
		BF3074D32726912F00D855C2 /* LaunchScreen.storyboard */ = {
			isa = PBXVariantGroup;
			children = (
				BF3074D42726912F00D855C2 /* Base */,
			);
			name = LaunchScreen.storyboard;
			sourceTree = "<group>";
		};
/* End PBXVariantGroup section */

/* Begin XCBuildConfiguration section */
		BF3074D72726912F00D855C2 /* Debug */ = {
			isa = XCBuildConfiguration;
			buildSettings = {
				ALWAYS_SEARCH_USER_PATHS = NO;
				CLANG_ANALYZER_NONNULL = YES;
				CLANG_ANALYZER_NUMBER_OBJECT_CONVERSION = YES_AGGRESSIVE;
				CLANG_CXX_LANGUAGE_STANDARD = "gnu++14";
				CLANG_CXX_LIBRARY = "libc++";
				CLANG_ENABLE_MODULES = YES;
				CLANG_ENABLE_OBJC_ARC = YES;
				CLANG_ENABLE_OBJC_WEAK = YES;
				CLANG_WARN_BLOCK_CAPTURE_AUTORELEASING = YES;
				CLANG_WARN_BOOL_CONVERSION = YES;
				CLANG_WARN_COMMA = YES;
				CLANG_WARN_CONSTANT_CONVERSION = YES;
				CLANG_WARN_DEPRECATED_OBJC_IMPLEMENTATIONS = YES;
				CLANG_WARN_DIRECT_OBJC_ISA_USAGE = YES_ERROR;
				CLANG_WARN_DOCUMENTATION_COMMENTS = YES;
				CLANG_WARN_EMPTY_BODY = YES;
				CLANG_WARN_ENUM_CONVERSION = YES;
				CLANG_WARN_INFINITE_RECURSION = YES;
				CLANG_WARN_INT_CONVERSION = YES;
				CLANG_WARN_NON_LITERAL_NULL_CONVERSION = YES;
				CLANG_WARN_OBJC_IMPLICIT_RETAIN_SELF = YES;
				CLANG_WARN_OBJC_LITERAL_CONVERSION = YES;
				CLANG_WARN_OBJC_ROOT_CLASS = YES_ERROR;
				CLANG_WARN_QUOTED_INCLUDE_IN_FRAMEWORK_HEADER = YES;
				CLANG_WARN_RANGE_LOOP_ANALYSIS = YES;
				CLANG_WARN_STRICT_PROTOTYPES = YES;
				CLANG_WARN_SUSPICIOUS_MOVE = YES;
				CLANG_WARN_UNGUARDED_AVAILABILITY = YES_AGGRESSIVE;
				CLANG_WARN_UNREACHABLE_CODE = YES;
				CLANG_WARN__DUPLICATE_METHOD_MATCH = YES;
				COPY_PHASE_STRIP = NO;
				DEBUG_INFORMATION_FORMAT = dwarf;
				ENABLE_STRICT_OBJC_MSGSEND = YES;
				ENABLE_TESTABILITY = YES;
				GCC_C_LANGUAGE_STANDARD = gnu11;
				GCC_DYNAMIC_NO_PIC = NO;
				GCC_NO_COMMON_BLOCKS = YES;
				GCC_OPTIMIZATION_LEVEL = 0;
				GCC_PREPROCESSOR_DEFINITIONS = (
					"DEBUG=1",
					"$(inherited)",
				);
				GCC_WARN_64_TO_32_BIT_CONVERSION = YES;
				GCC_WARN_ABOUT_RETURN_TYPE = YES_ERROR;
				GCC_WARN_UNDECLARED_SELECTOR = YES;
				GCC_WARN_UNINITIALIZED_AUTOS = YES_AGGRESSIVE;
				GCC_WARN_UNUSED_FUNCTION = YES;
				GCC_WARN_UNUSED_VARIABLE = YES;
				IPHONEOS_DEPLOYMENT_TARGET = 14.5;
				MTL_ENABLE_DEBUG_INFO = INCLUDE_SOURCE;
				MTL_FAST_MATH = YES;
				ONLY_ACTIVE_ARCH = YES;
				SDKROOT = iphoneos;
				SWIFT_ACTIVE_COMPILATION_CONDITIONS = DEBUG;
				SWIFT_OPTIMIZATION_LEVEL = "-Onone";
			};
			name = Debug;
		};
		BF3074D82726912F00D855C2 /* Release */ = {
			isa = XCBuildConfiguration;
			buildSettings = {
				ALWAYS_SEARCH_USER_PATHS = NO;
				CLANG_ANALYZER_NONNULL = YES;
				CLANG_ANALYZER_NUMBER_OBJECT_CONVERSION = YES_AGGRESSIVE;
				CLANG_CXX_LANGUAGE_STANDARD = "gnu++14";
				CLANG_CXX_LIBRARY = "libc++";
				CLANG_ENABLE_MODULES = YES;
				CLANG_ENABLE_OBJC_ARC = YES;
				CLANG_ENABLE_OBJC_WEAK = YES;
				CLANG_WARN_BLOCK_CAPTURE_AUTORELEASING = YES;
				CLANG_WARN_BOOL_CONVERSION = YES;
				CLANG_WARN_COMMA = YES;
				CLANG_WARN_CONSTANT_CONVERSION = YES;
				CLANG_WARN_DEPRECATED_OBJC_IMPLEMENTATIONS = YES;
				CLANG_WARN_DIRECT_OBJC_ISA_USAGE = YES_ERROR;
				CLANG_WARN_DOCUMENTATION_COMMENTS = YES;
				CLANG_WARN_EMPTY_BODY = YES;
				CLANG_WARN_ENUM_CONVERSION = YES;
				CLANG_WARN_INFINITE_RECURSION = YES;
				CLANG_WARN_INT_CONVERSION = YES;
				CLANG_WARN_NON_LITERAL_NULL_CONVERSION = YES;
				CLANG_WARN_OBJC_IMPLICIT_RETAIN_SELF = YES;
				CLANG_WARN_OBJC_LITERAL_CONVERSION = YES;
				CLANG_WARN_OBJC_ROOT_CLASS = YES_ERROR;
				CLANG_WARN_QUOTED_INCLUDE_IN_FRAMEWORK_HEADER = YES;
				CLANG_WARN_RANGE_LOOP_ANALYSIS = YES;
				CLANG_WARN_STRICT_PROTOTYPES = YES;
				CLANG_WARN_SUSPICIOUS_MOVE = YES;
				CLANG_WARN_UNGUARDED_AVAILABILITY = YES_AGGRESSIVE;
				CLANG_WARN_UNREACHABLE_CODE = YES;
				CLANG_WARN__DUPLICATE_METHOD_MATCH = YES;
				COPY_PHASE_STRIP = NO;
				DEBUG_INFORMATION_FORMAT = "dwarf-with-dsym";
				ENABLE_NS_ASSERTIONS = NO;
				ENABLE_STRICT_OBJC_MSGSEND = YES;
				GCC_C_LANGUAGE_STANDARD = gnu11;
				GCC_NO_COMMON_BLOCKS = YES;
				GCC_WARN_64_TO_32_BIT_CONVERSION = YES;
				GCC_WARN_ABOUT_RETURN_TYPE = YES_ERROR;
				GCC_WARN_UNDECLARED_SELECTOR = YES;
				GCC_WARN_UNINITIALIZED_AUTOS = YES_AGGRESSIVE;
				GCC_WARN_UNUSED_FUNCTION = YES;
				GCC_WARN_UNUSED_VARIABLE = YES;
				IPHONEOS_DEPLOYMENT_TARGET = 14.5;
				MTL_ENABLE_DEBUG_INFO = NO;
				MTL_FAST_MATH = YES;
				SDKROOT = iphoneos;
				SWIFT_COMPILATION_MODE = wholemodule;
				SWIFT_OPTIMIZATION_LEVEL = "-O";
				VALIDATE_PRODUCT = YES;
			};
			name = Release;
		};
		BF3074DA2726912F00D855C2 /* Debug */ = {
			isa = XCBuildConfiguration;
			buildSettings = {
				ASSETCATALOG_COMPILER_APPICON_NAME = AppIcon;
				ASSETCATALOG_COMPILER_GLOBAL_ACCENT_COLOR_NAME = AccentColor;
				CODE_SIGN_STYLE = Automatic;
				DEVELOPMENT_TEAM = UXMRTG3BH9;
				INFOPLIST_FILE = "WorldTrotter-“-iter2/Info.plist";
				LD_RUNPATH_SEARCH_PATHS = (
					"$(inherited)",
					"@executable_path/Frameworks",
				);
				PRODUCT_BUNDLE_IDENTIFIER = "com.rawabiahmed.WorldTrotter---iter2";
				PRODUCT_NAME = "$(TARGET_NAME)";
				SWIFT_VERSION = 5.0;
				TARGETED_DEVICE_FAMILY = "1,2";
			};
			name = Debug;
		};
		BF3074DB2726912F00D855C2 /* Release */ = {
			isa = XCBuildConfiguration;
			buildSettings = {
				ASSETCATALOG_COMPILER_APPICON_NAME = AppIcon;
				ASSETCATALOG_COMPILER_GLOBAL_ACCENT_COLOR_NAME = AccentColor;
				CODE_SIGN_STYLE = Automatic;
				DEVELOPMENT_TEAM = UXMRTG3BH9;
				INFOPLIST_FILE = "WorldTrotter-“-iter2/Info.plist";
				LD_RUNPATH_SEARCH_PATHS = (
					"$(inherited)",
					"@executable_path/Frameworks",
				);
				PRODUCT_BUNDLE_IDENTIFIER = "com.rawabiahmed.WorldTrotter---iter2";
				PRODUCT_NAME = "$(TARGET_NAME)";
				SWIFT_VERSION = 5.0;
				TARGETED_DEVICE_FAMILY = "1,2";
			};
			name = Release;
		};
/* End XCBuildConfiguration section */

/* Begin XCConfigurationList section */
		BF3074C02726912E00D855C2 /* Build configuration list for PBXProject "WorldTrotter-“-iter1 Sliver-RAWABI- CP5bronz and slver " */ = {
			isa = XCConfigurationList;
			buildConfigurations = (
				BF3074D72726912F00D855C2 /* Debug */,
				BF3074D82726912F00D855C2 /* Release */,
			);
			defaultConfigurationIsVisible = 0;
			defaultConfigurationName = Release;
		};
		BF3074D92726912F00D855C2 /* Build configuration list for PBXNativeTarget "WorldTrotter-“-iter2" */ = {
			isa = XCConfigurationList;
			buildConfigurations = (
				BF3074DA2726912F00D855C2 /* Debug */,
				BF3074DB2726912F00D855C2 /* Release */,
			);
			defaultConfigurationIsVisible = 0;
			defaultConfigurationName = Release;
		};
/* End XCConfigurationList section */
	};
	rootObject = BF3074BD2726912E00D855C2 /* Project object */;
}
