// !$*UTF8*$!
{
	archiveVersion = 1;
	classes = {
	};
	objectVersion = 50;
	objects = {

/* Begin PBXBuildFile section */
		18046C3E27294AF200E642B8 /* MapViewController.swift in Sources */ = {isa = PBXBuildFile; fileRef = 18046C3D27294AF200E642B8 /* MapViewController.swift */; };
		188C0A7D2729301B002D451F /* AppDelegate.swift in Sources */ = {isa = PBXBuildFile; fileRef = 188C0A7C2729301B002D451F /* AppDelegate.swift */; };
		188C0A7F2729301B002D451F /* SceneDelegate.swift in Sources */ = {isa = PBXBuildFile; fileRef = 188C0A7E2729301B002D451F /* SceneDelegate.swift */; };
		188C0A812729301B002D451F /* ViewController.swift in Sources */ = {isa = PBXBuildFile; fileRef = 188C0A802729301B002D451F /* ViewController.swift */; };
		188C0A842729301B002D451F /* Main.storyboard in Resources */ = {isa = PBXBuildFile; fileRef = 188C0A822729301B002D451F /* Main.storyboard */; };
		188C0A862729301C002D451F /* Assets.xcassets in Resources */ = {isa = PBXBuildFile; fileRef = 188C0A852729301C002D451F /* Assets.xcassets */; };
		188C0A892729301C002D451F /* LaunchScreen.storyboard in Resources */ = {isa = PBXBuildFile; fileRef = 188C0A872729301C002D451F /* LaunchScreen.storyboard */; };
		189A79602729CE2400CCD402 /* ConversionViewController.swift in Sources */ = {isa = PBXBuildFile; fileRef = 189A795F2729CE2400CCD402 /* ConversionViewController.swift */; };
/* End PBXBuildFile section */

/* Begin PBXFileReference section */
		18046C3D27294AF200E642B8 /* MapViewController.swift */ = {isa = PBXFileReference; lastKnownFileType = sourcecode.swift; path = MapViewController.swift; sourceTree = "<group>"; };
		188C0A792729301B002D451F /* Nada ViewController..app */ = {isa = PBXFileReference; explicitFileType = wrapper.application; includeInIndex = 0; path = "Nada ViewController..app"; sourceTree = BUILT_PRODUCTS_DIR; };
		188C0A7C2729301B002D451F /* AppDelegate.swift */ = {isa = PBXFileReference; lastKnownFileType = sourcecode.swift; path = AppDelegate.swift; sourceTree = "<group>"; };
		188C0A7E2729301B002D451F /* SceneDelegate.swift */ = {isa = PBXFileReference; lastKnownFileType = sourcecode.swift; path = SceneDelegate.swift; sourceTree = "<group>"; };
		188C0A802729301B002D451F /* ViewController.swift */ = {isa = PBXFileReference; lastKnownFileType = sourcecode.swift; path = ViewController.swift; sourceTree = "<group>"; };
		188C0A832729301B002D451F /* Base */ = {isa = PBXFileReference; lastKnownFileType = file.storyboard; name = Base; path = Base.lproj/Main.storyboard; sourceTree = "<group>"; };
		188C0A852729301C002D451F /* Assets.xcassets */ = {isa = PBXFileReference; lastKnownFileType = folder.assetcatalog; path = Assets.xcassets; sourceTree = "<group>"; };
		188C0A882729301C002D451F /* Base */ = {isa = PBXFileReference; lastKnownFileType = file.storyboard; name = Base; path = Base.lproj/LaunchScreen.storyboard; sourceTree = "<group>"; };
		188C0A8A2729301C002D451F /* Info.plist */ = {isa = PBXFileReference; lastKnownFileType = text.plist.xml; path = Info.plist; sourceTree = "<group>"; };
		189A795F2729CE2400CCD402 /* ConversionViewController.swift */ = {isa = PBXFileReference; lastKnownFileType = sourcecode.swift; path = ConversionViewController.swift; sourceTree = "<group>"; };
/* End PBXFileReference section */

/* Begin PBXFrameworksBuildPhase section */
		188C0A762729301B002D451F /* Frameworks */ = {
			isa = PBXFrameworksBuildPhase;
			buildActionMask = 2147483647;
			files = (
			);
			runOnlyForDeploymentPostprocessing = 0;
		};
/* End PBXFrameworksBuildPhase section */

/* Begin PBXGroup section */
		188C0A702729301B002D451F = {
			isa = PBXGroup;
			children = (
				188C0A7B2729301B002D451F /* Nada ViewController. */,
				188C0A7A2729301B002D451F /* Products */,
			);
			sourceTree = "<group>";
		};
		188C0A7A2729301B002D451F /* Products */ = {
			isa = PBXGroup;
			children = (
				188C0A792729301B002D451F /* Nada ViewController..app */,
			);
			name = Products;
			sourceTree = "<group>";
		};
		188C0A7B2729301B002D451F /* Nada ViewController. */ = {
			isa = PBXGroup;
			children = (
				189A79612729D0E600CCD402 /* ViewControllers */,
				188C0A7C2729301B002D451F /* AppDelegate.swift */,
				188C0A7E2729301B002D451F /* SceneDelegate.swift */,
				188C0A802729301B002D451F /* ViewController.swift */,
				188C0A822729301B002D451F /* Main.storyboard */,
				188C0A852729301C002D451F /* Assets.xcassets */,
				188C0A872729301C002D451F /* LaunchScreen.storyboard */,
				188C0A8A2729301C002D451F /* Info.plist */,
			);
			path = "Nada ViewController.";
			sourceTree = "<group>";
		};
		189A79612729D0E600CCD402 /* ViewControllers */ = {
			isa = PBXGroup;
			children = (
				189A795F2729CE2400CCD402 /* ConversionViewController.swift */,
				18046C3D27294AF200E642B8 /* MapViewController.swift */,
			);
			path = ViewControllers;
			sourceTree = "<group>";
		};
/* End PBXGroup section */

/* Begin PBXNativeTarget section */
		188C0A782729301B002D451F /* Nada ViewController. */ = {
			isa = PBXNativeTarget;
			buildConfigurationList = 188C0A8D2729301C002D451F /* Build configuration list for PBXNativeTarget "Nada ViewController." */;
			buildPhases = (
				188C0A752729301B002D451F /* Sources */,
				188C0A762729301B002D451F /* Frameworks */,
				188C0A772729301B002D451F /* Resources */,
			);
			buildRules = (
			);
			dependencies = (
			);
			name = "Nada ViewController.";
			productName = "Nada ViewController.";
			productReference = 188C0A792729301B002D451F /* Nada ViewController..app */;
			productType = "com.apple.product-type.application";
		};
/* End PBXNativeTarget section */

/* Begin PBXProject section */
		188C0A712729301B002D451F /* Project object */ = {
			isa = PBXProject;
			attributes = {
				LastSwiftUpdateCheck = 1250;
				LastUpgradeCheck = 1250;
				TargetAttributes = {
					188C0A782729301B002D451F = {
						CreatedOnToolsVersion = 12.5;
					};
				};
			};
			buildConfigurationList = 188C0A742729301B002D451F /* Build configuration list for PBXProject "Nada ViewController." */;
			compatibilityVersion = "Xcode 9.3";
			developmentRegion = en;
			hasScannedForEncodings = 0;
			knownRegions = (
				en,
				Base,
			);
			mainGroup = 188C0A702729301B002D451F;
			productRefGroup = 188C0A7A2729301B002D451F /* Products */;
			projectDirPath = "";
			projectRoot = "";
			targets = (
				188C0A782729301B002D451F /* Nada ViewController. */,
			);
		};
/* End PBXProject section */

/* Begin PBXResourcesBuildPhase section */
		188C0A772729301B002D451F /* Resources */ = {
			isa = PBXResourcesBuildPhase;
			buildActionMask = 2147483647;
			files = (
				188C0A892729301C002D451F /* LaunchScreen.storyboard in Resources */,
				188C0A862729301C002D451F /* Assets.xcassets in Resources */,
				188C0A842729301B002D451F /* Main.storyboard in Resources */,
			);
			runOnlyForDeploymentPostprocessing = 0;
		};
/* End PBXResourcesBuildPhase section */

/* Begin PBXSourcesBuildPhase section */
		188C0A752729301B002D451F /* Sources */ = {
			isa = PBXSourcesBuildPhase;
			buildActionMask = 2147483647;
			files = (
				188C0A812729301B002D451F /* ViewController.swift in Sources */,
				189A79602729CE2400CCD402 /* ConversionViewController.swift in Sources */,
				188C0A7D2729301B002D451F /* AppDelegate.swift in Sources */,
				188C0A7F2729301B002D451F /* SceneDelegate.swift in Sources */,
				18046C3E27294AF200E642B8 /* MapViewController.swift in Sources */,
			);
			runOnlyForDeploymentPostprocessing = 0;
		};
/* End PBXSourcesBuildPhase section */

/* Begin PBXVariantGroup section */
		188C0A822729301B002D451F /* Main.storyboard */ = {
			isa = PBXVariantGroup;
			children = (
				188C0A832729301B002D451F /* Base */,
			);
			name = Main.storyboard;
			sourceTree = "<group>";
		};
		188C0A872729301C002D451F /* LaunchScreen.storyboard */ = {
			isa = PBXVariantGroup;
			children = (
				188C0A882729301C002D451F /* Base */,
			);
			name = LaunchScreen.storyboard;
			sourceTree = "<group>";
		};
/* End PBXVariantGroup section */

/* Begin XCBuildConfiguration section */
		188C0A8B2729301C002D451F /* Debug */ = {
			isa = XCBuildConfiguration;
			buildSettings = {
				ALWAYS_SEARCH_USER_PATHS = NO;
				CLANG_ANALYZER_NONNULL = YES;
				CLANG_ANALYZER_NUMBER_OBJECT_CONVERSION = YES_AGGRESSIVE;
				CLANG_CXX_LANGUAGE_STANDARD = "gnu++14";
				CLANG_CXX_LIBRARY = "libc++";
				CLANG_ENABLE_MODULES = YES;
				CLANG_ENABLE_OBJC_ARC = YES;
				CLANG_ENABLE_OBJC_WEAK = YES;
				CLANG_WARN_BLOCK_CAPTURE_AUTORELEASING = YES;
				CLANG_WARN_BOOL_CONVERSION = YES;
				CLANG_WARN_COMMA = YES;
				CLANG_WARN_CONSTANT_CONVERSION = YES;
				CLANG_WARN_DEPRECATED_OBJC_IMPLEMENTATIONS = YES;
				CLANG_WARN_DIRECT_OBJC_ISA_USAGE = YES_ERROR;
				CLANG_WARN_DOCUMENTATION_COMMENTS = YES;
				CLANG_WARN_EMPTY_BODY = YES;
				CLANG_WARN_ENUM_CONVERSION = YES;
				CLANG_WARN_INFINITE_RECURSION = YES;
				CLANG_WARN_INT_CONVERSION = YES;
				CLANG_WARN_NON_LITERAL_NULL_CONVERSION = YES;
				CLANG_WARN_OBJC_IMPLICIT_RETAIN_SELF = YES;
				CLANG_WARN_OBJC_LITERAL_CONVERSION = YES;
				CLANG_WARN_OBJC_ROOT_CLASS = YES_ERROR;
				CLANG_WARN_QUOTED_INCLUDE_IN_FRAMEWORK_HEADER = YES;
				CLANG_WARN_RANGE_LOOP_ANALYSIS = YES;
				CLANG_WARN_STRICT_PROTOTYPES = YES;
				CLANG_WARN_SUSPICIOUS_MOVE = YES;
				CLANG_WARN_UNGUARDED_AVAILABILITY = YES_AGGRESSIVE;
				CLANG_WARN_UNREACHABLE_CODE = YES;
				CLANG_WARN__DUPLICATE_METHOD_MATCH = YES;
				COPY_PHASE_STRIP = NO;
				DEBUG_INFORMATION_FORMAT = dwarf;
				ENABLE_STRICT_OBJC_MSGSEND = YES;
				ENABLE_TESTABILITY = YES;
				GCC_C_LANGUAGE_STANDARD = gnu11;
				GCC_DYNAMIC_NO_PIC = NO;
				GCC_NO_COMMON_BLOCKS = YES;
				GCC_OPTIMIZATION_LEVEL = 0;
				GCC_PREPROCESSOR_DEFINITIONS = (
					"DEBUG=1",
					"$(inherited)",
				);
				GCC_WARN_64_TO_32_BIT_CONVERSION = YES;
				GCC_WARN_ABOUT_RETURN_TYPE = YES_ERROR;
				GCC_WARN_UNDECLARED_SELECTOR = YES;
				GCC_WARN_UNINITIALIZED_AUTOS = YES_AGGRESSIVE;
				GCC_WARN_UNUSED_FUNCTION = YES;
				GCC_WARN_UNUSED_VARIABLE = YES;
				IPHONEOS_DEPLOYMENT_TARGET = 14.5;
				MTL_ENABLE_DEBUG_INFO = INCLUDE_SOURCE;
				MTL_FAST_MATH = YES;
				ONLY_ACTIVE_ARCH = YES;
				SDKROOT = iphoneos;
				SWIFT_ACTIVE_COMPILATION_CONDITIONS = DEBUG;
				SWIFT_OPTIMIZATION_LEVEL = "-Onone";
			};
			name = Debug;
		};
		188C0A8C2729301C002D451F /* Release */ = {
			isa = XCBuildConfiguration;
			buildSettings = {
				ALWAYS_SEARCH_USER_PATHS = NO;
				CLANG_ANALYZER_NONNULL = YES;
				CLANG_ANALYZER_NUMBER_OBJECT_CONVERSION = YES_AGGRESSIVE;
				CLANG_CXX_LANGUAGE_STANDARD = "gnu++14";
				CLANG_CXX_LIBRARY = "libc++";
				CLANG_ENABLE_MODULES = YES;
				CLANG_ENABLE_OBJC_ARC = YES;
				CLANG_ENABLE_OBJC_WEAK = YES;
				CLANG_WARN_BLOCK_CAPTURE_AUTORELEASING = YES;
				CLANG_WARN_BOOL_CONVERSION = YES;
				CLANG_WARN_COMMA = YES;
				CLANG_WARN_CONSTANT_CONVERSION = YES;
				CLANG_WARN_DEPRECATED_OBJC_IMPLEMENTATIONS = YES;
				CLANG_WARN_DIRECT_OBJC_ISA_USAGE = YES_ERROR;
				CLANG_WARN_DOCUMENTATION_COMMENTS = YES;
				CLANG_WARN_EMPTY_BODY = YES;
				CLANG_WARN_ENUM_CONVERSION = YES;
				CLANG_WARN_INFINITE_RECURSION = YES;
				CLANG_WARN_INT_CONVERSION = YES;
				CLANG_WARN_NON_LITERAL_NULL_CONVERSION = YES;
				CLANG_WARN_OBJC_IMPLICIT_RETAIN_SELF = YES;
				CLANG_WARN_OBJC_LITERAL_CONVERSION = YES;
				CLANG_WARN_OBJC_ROOT_CLASS = YES_ERROR;
				CLANG_WARN_QUOTED_INCLUDE_IN_FRAMEWORK_HEADER = YES;
				CLANG_WARN_RANGE_LOOP_ANALYSIS = YES;
				CLANG_WARN_STRICT_PROTOTYPES = YES;
				CLANG_WARN_SUSPICIOUS_MOVE = YES;
				CLANG_WARN_UNGUARDED_AVAILABILITY = YES_AGGRESSIVE;
				CLANG_WARN_UNREACHABLE_CODE = YES;
				CLANG_WARN__DUPLICATE_METHOD_MATCH = YES;
				COPY_PHASE_STRIP = NO;
				DEBUG_INFORMATION_FORMAT = "dwarf-with-dsym";
				ENABLE_NS_ASSERTIONS = NO;
				ENABLE_STRICT_OBJC_MSGSEND = YES;
				GCC_C_LANGUAGE_STANDARD = gnu11;
				GCC_NO_COMMON_BLOCKS = YES;
				GCC_WARN_64_TO_32_BIT_CONVERSION = YES;
				GCC_WARN_ABOUT_RETURN_TYPE = YES_ERROR;
				GCC_WARN_UNDECLARED_SELECTOR = YES;
				GCC_WARN_UNINITIALIZED_AUTOS = YES_AGGRESSIVE;
				GCC_WARN_UNUSED_FUNCTION = YES;
				GCC_WARN_UNUSED_VARIABLE = YES;
				IPHONEOS_DEPLOYMENT_TARGET = 14.5;
				MTL_ENABLE_DEBUG_INFO = NO;
				MTL_FAST_MATH = YES;
				SDKROOT = iphoneos;
				SWIFT_COMPILATION_MODE = wholemodule;
				SWIFT_OPTIMIZATION_LEVEL = "-O";
				VALIDATE_PRODUCT = YES;
			};
			name = Release;
		};
		188C0A8E2729301C002D451F /* Debug */ = {
			isa = XCBuildConfiguration;
			buildSettings = {
				ASSETCATALOG_COMPILER_APPICON_NAME = AppIcon;
				ASSETCATALOG_COMPILER_GLOBAL_ACCENT_COLOR_NAME = AccentColor;
				CODE_SIGN_STYLE = Automatic;
				INFOPLIST_FILE = "Nada ViewController./Info.plist";
				IPHONEOS_DEPLOYMENT_TARGET = 14.5;
				LD_RUNPATH_SEARCH_PATHS = (
					"$(inherited)",
					"@executable_path/Frameworks",
				);
				PRODUCT_BUNDLE_IDENTIFIER = "com.nadaalbalawi.Nada-ViewController-";
				PRODUCT_NAME = "$(TARGET_NAME)";
				SWIFT_VERSION = 5.0;
				TARGETED_DEVICE_FAMILY = "1,2";
			};
			name = Debug;
		};
		188C0A8F2729301C002D451F /* Release */ = {
			isa = XCBuildConfiguration;
			buildSettings = {
				ASSETCATALOG_COMPILER_APPICON_NAME = AppIcon;
				ASSETCATALOG_COMPILER_GLOBAL_ACCENT_COLOR_NAME = AccentColor;
				CODE_SIGN_STYLE = Automatic;
				INFOPLIST_FILE = "Nada ViewController./Info.plist";
				IPHONEOS_DEPLOYMENT_TARGET = 14.5;
				LD_RUNPATH_SEARCH_PATHS = (
					"$(inherited)",
					"@executable_path/Frameworks",
				);
				PRODUCT_BUNDLE_IDENTIFIER = "com.nadaalbalawi.Nada-ViewController-";
				PRODUCT_NAME = "$(TARGET_NAME)";
				SWIFT_VERSION = 5.0;
				TARGETED_DEVICE_FAMILY = "1,2";
			};
			name = Release;
		};
/* End XCBuildConfiguration section */

/* Begin XCConfigurationList section */
		188C0A742729301B002D451F /* Build configuration list for PBXProject "Nada ViewController." */ = {
			isa = XCConfigurationList;
			buildConfigurations = (
				188C0A8B2729301C002D451F /* Debug */,
				188C0A8C2729301C002D451F /* Release */,
			);
			defaultConfigurationIsVisible = 0;
			defaultConfigurationName = Release;
		};
		188C0A8D2729301C002D451F /* Build configuration list for PBXNativeTarget "Nada ViewController." */ = {
			isa = XCConfigurationList;
			buildConfigurations = (
				188C0A8E2729301C002D451F /* Debug */,
				188C0A8F2729301C002D451F /* Release */,
			);
			defaultConfigurationIsVisible = 0;
			defaultConfigurationName = Release;
		};
/* End XCConfigurationList section */
	};
	rootObject = 188C0A712729301B002D451F /* Project object */;
}
