// !$*UTF8*$!
{
	archiveVersion = 1;
	classes = {
	};
	objectVersion = 50;
	objects = {

/* Begin PBXBuildFile section */
		31360F6E2733F0BD0002339C /* UIViewController-Ext.swift in Sources */ = {isa = PBXBuildFile; fileRef = 31360F6D2733F0BD0002339C /* UIViewController-Ext.swift */; };
		3177F8C827300989004A40FA /* AppDelegate.swift in Sources */ = {isa = PBXBuildFile; fileRef = 3177F8C727300989004A40FA /* AppDelegate.swift */; };
		3177F8CA27300989004A40FA /* SceneDelegate.swift in Sources */ = {isa = PBXBuildFile; fileRef = 3177F8C927300989004A40FA /* SceneDelegate.swift */; };
		3177F8CC27300989004A40FA /* ConversionViewController.swift in Sources */ = {isa = PBXBuildFile; fileRef = 3177F8CB27300989004A40FA /* ConversionViewController.swift */; };
		3177F8CF27300989004A40FA /* Main.storyboard in Resources */ = {isa = PBXBuildFile; fileRef = 3177F8CD27300989004A40FA /* Main.storyboard */; };
		3177F8D12730098A004A40FA /* Assets.xcassets in Resources */ = {isa = PBXBuildFile; fileRef = 3177F8D02730098A004A40FA /* Assets.xcassets */; };
		3177F8D42730098A004A40FA /* LaunchScreen.storyboard in Resources */ = {isa = PBXBuildFile; fileRef = 3177F8D22730098A004A40FA /* LaunchScreen.storyboard */; };
		3177F8DD27300AB2004A40FA /* MapViewController.swift in Sources */ = {isa = PBXBuildFile; fileRef = 3177F8DC27300AB2004A40FA /* MapViewController.swift */; };
		3177F8E0273067F2004A40FA /* CoreLocation.framework in Frameworks */ = {isa = PBXBuildFile; fileRef = 3177F8DF273067F2004A40FA /* CoreLocation.framework */; };
/* End PBXBuildFile section */

/* Begin PBXFileReference section */
		31360F6D2733F0BD0002339C /* UIViewController-Ext.swift */ = {isa = PBXFileReference; lastKnownFileType = sourcecode.swift; path = "UIViewController-Ext.swift"; sourceTree = "<group>"; };
		3177F8C427300989004A40FA /* WorldTrotter-MahaSaab-iter4.app */ = {isa = PBXFileReference; explicitFileType = wrapper.application; includeInIndex = 0; path = "WorldTrotter-MahaSaab-iter4.app"; sourceTree = BUILT_PRODUCTS_DIR; };
		3177F8C727300989004A40FA /* AppDelegate.swift */ = {isa = PBXFileReference; lastKnownFileType = sourcecode.swift; path = AppDelegate.swift; sourceTree = "<group>"; };
		3177F8C927300989004A40FA /* SceneDelegate.swift */ = {isa = PBXFileReference; lastKnownFileType = sourcecode.swift; path = SceneDelegate.swift; sourceTree = "<group>"; };
		3177F8CB27300989004A40FA /* ConversionViewController.swift */ = {isa = PBXFileReference; lastKnownFileType = sourcecode.swift; path = ConversionViewController.swift; sourceTree = "<group>"; };
		3177F8CE27300989004A40FA /* Base */ = {isa = PBXFileReference; lastKnownFileType = file.storyboard; name = Base; path = Base.lproj/Main.storyboard; sourceTree = "<group>"; };
		3177F8D02730098A004A40FA /* Assets.xcassets */ = {isa = PBXFileReference; lastKnownFileType = folder.assetcatalog; path = Assets.xcassets; sourceTree = "<group>"; };
		3177F8D32730098A004A40FA /* Base */ = {isa = PBXFileReference; lastKnownFileType = file.storyboard; name = Base; path = Base.lproj/LaunchScreen.storyboard; sourceTree = "<group>"; };
		3177F8D52730098A004A40FA /* Info.plist */ = {isa = PBXFileReference; lastKnownFileType = text.plist.xml; path = Info.plist; sourceTree = "<group>"; };
		3177F8DC27300AB2004A40FA /* MapViewController.swift */ = {isa = PBXFileReference; lastKnownFileType = sourcecode.swift; path = MapViewController.swift; sourceTree = "<group>"; };
		3177F8DF273067F2004A40FA /* CoreLocation.framework */ = {isa = PBXFileReference; lastKnownFileType = wrapper.framework; name = CoreLocation.framework; path = System/Library/Frameworks/CoreLocation.framework; sourceTree = SDKROOT; };
/* End PBXFileReference section */

/* Begin PBXFrameworksBuildPhase section */
		3177F8C127300989004A40FA /* Frameworks */ = {
			isa = PBXFrameworksBuildPhase;
			buildActionMask = 2147483647;
			files = (
				3177F8E0273067F2004A40FA /* CoreLocation.framework in Frameworks */,
			);
			runOnlyForDeploymentPostprocessing = 0;
		};
/* End PBXFrameworksBuildPhase section */

/* Begin PBXGroup section */
		31360F6C2733F0450002339C /* Extensions */ = {
			isa = PBXGroup;
			children = (
				31360F6D2733F0BD0002339C /* UIViewController-Ext.swift */,
			);
			path = Extensions;
			sourceTree = "<group>";
		};
		3177F8BB27300989004A40FA = {
			isa = PBXGroup;
			children = (
				3177F8C627300989004A40FA /* WorldTrotter-MahaSaab-iter4 */,
				3177F8C527300989004A40FA /* Products */,
				3177F8DE273067F2004A40FA /* Frameworks */,
			);
			sourceTree = "<group>";
		};
		3177F8C527300989004A40FA /* Products */ = {
			isa = PBXGroup;
			children = (
				3177F8C427300989004A40FA /* WorldTrotter-MahaSaab-iter4.app */,
			);
			name = Products;
			sourceTree = "<group>";
		};
		3177F8C627300989004A40FA /* WorldTrotter-MahaSaab-iter4 */ = {
			isa = PBXGroup;
			children = (
				3177F8DB27300A9B004A40FA /* Controllers */,
				3177F8C727300989004A40FA /* AppDelegate.swift */,
				3177F8C927300989004A40FA /* SceneDelegate.swift */,
				3177F8CD27300989004A40FA /* Main.storyboard */,
				3177F8D02730098A004A40FA /* Assets.xcassets */,
				3177F8D22730098A004A40FA /* LaunchScreen.storyboard */,
				3177F8D52730098A004A40FA /* Info.plist */,
			);
			path = "WorldTrotter-MahaSaab-iter4";
			sourceTree = "<group>";
		};
		3177F8DB27300A9B004A40FA /* Controllers */ = {
			isa = PBXGroup;
			children = (
				3177F8DC27300AB2004A40FA /* MapViewController.swift */,
				3177F8CB27300989004A40FA /* ConversionViewController.swift */,
				31360F6C2733F0450002339C /* Extensions */,
			);
			path = Controllers;
			sourceTree = "<group>";
		};
		3177F8DE273067F2004A40FA /* Frameworks */ = {
			isa = PBXGroup;
			children = (
				3177F8DF273067F2004A40FA /* CoreLocation.framework */,
			);
			name = Frameworks;
			sourceTree = "<group>";
		};
/* End PBXGroup section */

/* Begin PBXNativeTarget section */
		3177F8C327300989004A40FA /* WorldTrotter-MahaSaab-iter4 */ = {
			isa = PBXNativeTarget;
			buildConfigurationList = 3177F8D82730098A004A40FA /* Build configuration list for PBXNativeTarget "WorldTrotter-MahaSaab-iter4" */;
			buildPhases = (
				3177F8C027300989004A40FA /* Sources */,
				3177F8C127300989004A40FA /* Frameworks */,
				3177F8C227300989004A40FA /* Resources */,
			);
			buildRules = (
			);
			dependencies = (
			);
			name = "WorldTrotter-MahaSaab-iter4";
			productName = "WorldTrotter-MahaSaab-iter4";
			productReference = 3177F8C427300989004A40FA /* WorldTrotter-MahaSaab-iter4.app */;
			productType = "com.apple.product-type.application";
		};
/* End PBXNativeTarget section */

/* Begin PBXProject section */
		3177F8BC27300989004A40FA /* Project object */ = {
			isa = PBXProject;
			attributes = {
				LastSwiftUpdateCheck = 1250;
				LastUpgradeCheck = 1250;
				TargetAttributes = {
					3177F8C327300989004A40FA = {
						CreatedOnToolsVersion = 12.5;
					};
				};
			};
			buildConfigurationList = 3177F8BF27300989004A40FA /* Build configuration list for PBXProject "WorldTrotter-MahaSaab-iter4" */;
			compatibilityVersion = "Xcode 9.3";
			developmentRegion = en;
			hasScannedForEncodings = 0;
			knownRegions = (
				en,
				Base,
			);
			mainGroup = 3177F8BB27300989004A40FA;
			productRefGroup = 3177F8C527300989004A40FA /* Products */;
			projectDirPath = "";
			projectRoot = "";
			targets = (
				3177F8C327300989004A40FA /* WorldTrotter-MahaSaab-iter4 */,
			);
		};
/* End PBXProject section */

/* Begin PBXResourcesBuildPhase section */
		3177F8C227300989004A40FA /* Resources */ = {
			isa = PBXResourcesBuildPhase;
			buildActionMask = 2147483647;
			files = (
				3177F8D42730098A004A40FA /* LaunchScreen.storyboard in Resources */,
				3177F8D12730098A004A40FA /* Assets.xcassets in Resources */,
				3177F8CF27300989004A40FA /* Main.storyboard in Resources */,
			);
			runOnlyForDeploymentPostprocessing = 0;
		};
/* End PBXResourcesBuildPhase section */

/* Begin PBXSourcesBuildPhase section */
		3177F8C027300989004A40FA /* Sources */ = {
			isa = PBXSourcesBuildPhase;
			buildActionMask = 2147483647;
			files = (
				3177F8CC27300989004A40FA /* ConversionViewController.swift in Sources */,
				3177F8C827300989004A40FA /* AppDelegate.swift in Sources */,
				3177F8CA27300989004A40FA /* SceneDelegate.swift in Sources */,
				3177F8DD27300AB2004A40FA /* MapViewController.swift in Sources */,
				31360F6E2733F0BD0002339C /* UIViewController-Ext.swift in Sources */,
			);
			runOnlyForDeploymentPostprocessing = 0;
		};
/* End PBXSourcesBuildPhase section */

/* Begin PBXVariantGroup section */
		3177F8CD27300989004A40FA /* Main.storyboard */ = {
			isa = PBXVariantGroup;
			children = (
				3177F8CE27300989004A40FA /* Base */,
			);
			name = Main.storyboard;
			sourceTree = "<group>";
		};
		3177F8D22730098A004A40FA /* LaunchScreen.storyboard */ = {
			isa = PBXVariantGroup;
			children = (
				3177F8D32730098A004A40FA /* Base */,
			);
			name = LaunchScreen.storyboard;
			sourceTree = "<group>";
		};
/* End PBXVariantGroup section */

/* Begin XCBuildConfiguration section */
		3177F8D62730098A004A40FA /* Debug */ = {
			isa = XCBuildConfiguration;
			buildSettings = {
				ALWAYS_SEARCH_USER_PATHS = NO;
				CLANG_ANALYZER_NONNULL = YES;
				CLANG_ANALYZER_NUMBER_OBJECT_CONVERSION = YES_AGGRESSIVE;
				CLANG_CXX_LANGUAGE_STANDARD = "gnu++14";
				CLANG_CXX_LIBRARY = "libc++";
				CLANG_ENABLE_MODULES = YES;
				CLANG_ENABLE_OBJC_ARC = YES;
				CLANG_ENABLE_OBJC_WEAK = YES;
				CLANG_WARN_BLOCK_CAPTURE_AUTORELEASING = YES;
				CLANG_WARN_BOOL_CONVERSION = YES;
				CLANG_WARN_COMMA = YES;
				CLANG_WARN_CONSTANT_CONVERSION = YES;
				CLANG_WARN_DEPRECATED_OBJC_IMPLEMENTATIONS = YES;
				CLANG_WARN_DIRECT_OBJC_ISA_USAGE = YES_ERROR;
				CLANG_WARN_DOCUMENTATION_COMMENTS = YES;
				CLANG_WARN_EMPTY_BODY = YES;
				CLANG_WARN_ENUM_CONVERSION = YES;
				CLANG_WARN_INFINITE_RECURSION = YES;
				CLANG_WARN_INT_CONVERSION = YES;
				CLANG_WARN_NON_LITERAL_NULL_CONVERSION = YES;
				CLANG_WARN_OBJC_IMPLICIT_RETAIN_SELF = YES;
				CLANG_WARN_OBJC_LITERAL_CONVERSION = YES;
				CLANG_WARN_OBJC_ROOT_CLASS = YES_ERROR;
				CLANG_WARN_QUOTED_INCLUDE_IN_FRAMEWORK_HEADER = YES;
				CLANG_WARN_RANGE_LOOP_ANALYSIS = YES;
				CLANG_WARN_STRICT_PROTOTYPES = YES;
				CLANG_WARN_SUSPICIOUS_MOVE = YES;
				CLANG_WARN_UNGUARDED_AVAILABILITY = YES_AGGRESSIVE;
				CLANG_WARN_UNREACHABLE_CODE = YES;
				CLANG_WARN__DUPLICATE_METHOD_MATCH = YES;
				COPY_PHASE_STRIP = NO;
				DEBUG_INFORMATION_FORMAT = dwarf;
				ENABLE_STRICT_OBJC_MSGSEND = YES;
				ENABLE_TESTABILITY = YES;
				GCC_C_LANGUAGE_STANDARD = gnu11;
				GCC_DYNAMIC_NO_PIC = NO;
				GCC_NO_COMMON_BLOCKS = YES;
				GCC_OPTIMIZATION_LEVEL = 0;
				GCC_PREPROCESSOR_DEFINITIONS = (
					"DEBUG=1",
					"$(inherited)",
				);
				GCC_WARN_64_TO_32_BIT_CONVERSION = YES;
				GCC_WARN_ABOUT_RETURN_TYPE = YES_ERROR;
				GCC_WARN_UNDECLARED_SELECTOR = YES;
				GCC_WARN_UNINITIALIZED_AUTOS = YES_AGGRESSIVE;
				GCC_WARN_UNUSED_FUNCTION = YES;
				GCC_WARN_UNUSED_VARIABLE = YES;
				IPHONEOS_DEPLOYMENT_TARGET = 14.5;
				MTL_ENABLE_DEBUG_INFO = INCLUDE_SOURCE;
				MTL_FAST_MATH = YES;
				ONLY_ACTIVE_ARCH = YES;
				SDKROOT = iphoneos;
				SWIFT_ACTIVE_COMPILATION_CONDITIONS = DEBUG;
				SWIFT_OPTIMIZATION_LEVEL = "-Onone";
			};
			name = Debug;
		};
		3177F8D72730098A004A40FA /* Release */ = {
			isa = XCBuildConfiguration;
			buildSettings = {
				ALWAYS_SEARCH_USER_PATHS = NO;
				CLANG_ANALYZER_NONNULL = YES;
				CLANG_ANALYZER_NUMBER_OBJECT_CONVERSION = YES_AGGRESSIVE;
				CLANG_CXX_LANGUAGE_STANDARD = "gnu++14";
				CLANG_CXX_LIBRARY = "libc++";
				CLANG_ENABLE_MODULES = YES;
				CLANG_ENABLE_OBJC_ARC = YES;
				CLANG_ENABLE_OBJC_WEAK = YES;
				CLANG_WARN_BLOCK_CAPTURE_AUTORELEASING = YES;
				CLANG_WARN_BOOL_CONVERSION = YES;
				CLANG_WARN_COMMA = YES;
				CLANG_WARN_CONSTANT_CONVERSION = YES;
				CLANG_WARN_DEPRECATED_OBJC_IMPLEMENTATIONS = YES;
				CLANG_WARN_DIRECT_OBJC_ISA_USAGE = YES_ERROR;
				CLANG_WARN_DOCUMENTATION_COMMENTS = YES;
				CLANG_WARN_EMPTY_BODY = YES;
				CLANG_WARN_ENUM_CONVERSION = YES;
				CLANG_WARN_INFINITE_RECURSION = YES;
				CLANG_WARN_INT_CONVERSION = YES;
				CLANG_WARN_NON_LITERAL_NULL_CONVERSION = YES;
				CLANG_WARN_OBJC_IMPLICIT_RETAIN_SELF = YES;
				CLANG_WARN_OBJC_LITERAL_CONVERSION = YES;
				CLANG_WARN_OBJC_ROOT_CLASS = YES_ERROR;
				CLANG_WARN_QUOTED_INCLUDE_IN_FRAMEWORK_HEADER = YES;
				CLANG_WARN_RANGE_LOOP_ANALYSIS = YES;
				CLANG_WARN_STRICT_PROTOTYPES = YES;
				CLANG_WARN_SUSPICIOUS_MOVE = YES;
				CLANG_WARN_UNGUARDED_AVAILABILITY = YES_AGGRESSIVE;
				CLANG_WARN_UNREACHABLE_CODE = YES;
				CLANG_WARN__DUPLICATE_METHOD_MATCH = YES;
				COPY_PHASE_STRIP = NO;
				DEBUG_INFORMATION_FORMAT = "dwarf-with-dsym";
				ENABLE_NS_ASSERTIONS = NO;
				ENABLE_STRICT_OBJC_MSGSEND = YES;
				GCC_C_LANGUAGE_STANDARD = gnu11;
				GCC_NO_COMMON_BLOCKS = YES;
				GCC_WARN_64_TO_32_BIT_CONVERSION = YES;
				GCC_WARN_ABOUT_RETURN_TYPE = YES_ERROR;
				GCC_WARN_UNDECLARED_SELECTOR = YES;
				GCC_WARN_UNINITIALIZED_AUTOS = YES_AGGRESSIVE;
				GCC_WARN_UNUSED_FUNCTION = YES;
				GCC_WARN_UNUSED_VARIABLE = YES;
				IPHONEOS_DEPLOYMENT_TARGET = 14.5;
				MTL_ENABLE_DEBUG_INFO = NO;
				MTL_FAST_MATH = YES;
				SDKROOT = iphoneos;
				SWIFT_COMPILATION_MODE = wholemodule;
				SWIFT_OPTIMIZATION_LEVEL = "-O";
				VALIDATE_PRODUCT = YES;
			};
			name = Release;
		};
		3177F8D92730098A004A40FA /* Debug */ = {
			isa = XCBuildConfiguration;
			buildSettings = {
				ASSETCATALOG_COMPILER_APPICON_NAME = AppIcon;
				ASSETCATALOG_COMPILER_GLOBAL_ACCENT_COLOR_NAME = AccentColor;
				CODE_SIGN_STYLE = Automatic;
				DEVELOPMENT_TEAM = Q26Y9PC5F8;
				INFOPLIST_FILE = "WorldTrotter-MahaSaab-iter4/Info.plist";
				IPHONEOS_DEPLOYMENT_TARGET = 15.0;
				LD_RUNPATH_SEARCH_PATHS = (
					"$(inherited)",
					"@executable_path/Frameworks",
				);
				PRODUCT_BUNDLE_IDENTIFIER = "com..WorldTrotter-MahaSaab-iter4";
				PRODUCT_NAME = "$(TARGET_NAME)";
				SWIFT_VERSION = 5.0;
				TARGETED_DEVICE_FAMILY = "1,2";
			};
			name = Debug;
		};
		3177F8DA2730098A004A40FA /* Release */ = {
			isa = XCBuildConfiguration;
			buildSettings = {
				ASSETCATALOG_COMPILER_APPICON_NAME = AppIcon;
				ASSETCATALOG_COMPILER_GLOBAL_ACCENT_COLOR_NAME = AccentColor;
				CODE_SIGN_STYLE = Automatic;
				DEVELOPMENT_TEAM = Q26Y9PC5F8;
				INFOPLIST_FILE = "WorldTrotter-MahaSaab-iter4/Info.plist";
				IPHONEOS_DEPLOYMENT_TARGET = 15.0;
				LD_RUNPATH_SEARCH_PATHS = (
					"$(inherited)",
					"@executable_path/Frameworks",
				);
				PRODUCT_BUNDLE_IDENTIFIER = "com..WorldTrotter-MahaSaab-iter4";
				PRODUCT_NAME = "$(TARGET_NAME)";
				SWIFT_VERSION = 5.0;
				TARGETED_DEVICE_FAMILY = "1,2";
			};
			name = Release;
		};
/* End XCBuildConfiguration section */

/* Begin XCConfigurationList section */
		3177F8BF27300989004A40FA /* Build configuration list for PBXProject "WorldTrotter-MahaSaab-iter4" */ = {
			isa = XCConfigurationList;
			buildConfigurations = (
				3177F8D62730098A004A40FA /* Debug */,
				3177F8D72730098A004A40FA /* Release */,
			);
			defaultConfigurationIsVisible = 0;
			defaultConfigurationName = Release;
		};
		3177F8D82730098A004A40FA /* Build configuration list for PBXNativeTarget "WorldTrotter-MahaSaab-iter4" */ = {
			isa = XCConfigurationList;
			buildConfigurations = (
				3177F8D92730098A004A40FA /* Debug */,
				3177F8DA2730098A004A40FA /* Release */,
			);
			defaultConfigurationIsVisible = 0;
			defaultConfigurationName = Release;
		};
/* End XCConfigurationList section */
	};
	rootObject = 3177F8BC27300989004A40FA /* Project object */;
}
